<?xml version="1.0" encoding="utf-8"?>
<Project ToolsVersion="4.0" xmlns="http://schemas.microsoft.com/developer/msbuild/2003">
  <ItemGroup>
    <Filter Include="Source Files">
      <UniqueIdentifier>{4FC737F1-C7A5-4376-A066-2A32D752A2FF}</UniqueIdentifier>
      <Extensions>cpp;c;cc;cxx;c++;cppm;ixx;def;odl;idl;hpj;bat;asm;asmx</Extensions>
    </Filter>
    <Filter Include="Stream">
      <UniqueIdentifier>{dc4fe0fa-6fec-43cd-a6b3-c7744b243cb3}</UniqueIdentifier>
    </Filter>
    <Filter Include="NodesManifests">
      <UniqueIdentifier>{6475eeb0-8e3e-4161-8eaf-78541cfc0b45}</UniqueIdentifier>
    </Filter>
    <Filter Include="PlatformsManifests">
      <UniqueIdentifier>{9491cea8-90e4-4330-aec4-91cba5186c85}</UniqueIdentifier>
    </Filter>
    <Filter Include="GraphSteps">
      <UniqueIdentifier>{82339528-06a8-44e3-9ec4-10d468c4f86b}</UniqueIdentifier>
    </Filter>
    <Filter Include="GraphSteps\headers">
      <UniqueIdentifier>{fd8f4b13-061f-4063-b0b6-c5fb52b7e0b0}</UniqueIdentifier>
    </Filter>
    <Filter Include="Doc">
      <UniqueIdentifier>{038cf925-e2be-4c01-9538-af808853244c}</UniqueIdentifier>
    </Filter>
  </ItemGroup>
  <ItemGroup>
    <ClInclude Include="..\stream_tool.h">
      <Filter>Source Files</Filter>
    </ClInclude>
    <ClInclude Include="..\stream_tool_define.h">
      <Filter>Source Files</Filter>
    </ClInclude>
    <ClInclude Include="..\stream_tool_include.h">
      <Filter>Source Files</Filter>
    </ClInclude>
    <ClInclude Include="..\..\stream_src\stream_const.h">
      <Filter>Stream</Filter>
    </ClInclude>
    <ClInclude Include="..\..\stream_src\stream_types.h">
      <Filter>Stream</Filter>
    </ClInclude>
    <ClInclude Include="..\..\stream_src\stream_extern.h">
      <Filter>Stream</Filter>
    </ClInclude>
  </ItemGroup>
  <ItemGroup>
    <Text Include="..\..\stream_platform\windows\graph_0.txt">
      <Filter>GraphSteps</Filter>
    </Text>
    <Text Include="..\..\stream_platform\windows\graph_0_bin.txt">
      <Filter>GraphSteps</Filter>
    </Text>
    <Text Include="..\..\stream_nodes\Basic\arm\mixer\swc_manifest_mixer.txt">
      <Filter>NodesManifests</Filter>
    </Text>
    <Text Include="..\..\stream_nodes\Basic\arm\router\swc_manifest_router.txt">
      <Filter>NodesManifests</Filter>
    </Text>
    <Text Include="..\..\stream_nodes\Basic\arm\demodulator\swc_manifest_demodulator.txt">
      <Filter>NodesManifests</Filter>
    </Text>
    <Text Include="..\..\stream_nodes\Basic\arm\modulator\swc_manifest_modulator.txt">
      <Filter>NodesManifests</Filter>
    </Text>
    <Text Include="..\..\stream_nodes\Basic\arm\amplifier\swc_manifest_amplifier.txt">
      <Filter>NodesManifests</Filter>
    </Text>
    <Text Include="..\..\stream_nodes\Basic\arm\converter\swc_manifest_converter.txt">
      <Filter>NodesManifests</Filter>
    </Text>
    <Text Include="..\..\stream_nodes\Basic\arm\rescaler\swc_manifest_rescaler.txt">
      <Filter>NodesManifests</Filter>
    </Text>
    <Text Include="..\..\stream_nodes\Basic\arm\script\swc_manifest_script.txt">
      <Filter>NodesManifests</Filter>
    </Text>
    <Text Include="..\..\stream_nodes\Image\arm\detector2D\swc_manifest_detector2D.txt">
      <Filter>NodesManifests</Filter>
    </Text>
    <Text Include="..\..\stream_nodes\Image\arm\filter2D\swc_manifest_filter2D.txt">
      <Filter>NodesManifests</Filter>
    </Text>
    <Text Include="..\..\stream_nodes\Audio\arm\compressor\swc_manifest_compressor.txt">
      <Filter>NodesManifests</Filter>
    </Text>
    <Text Include="..\..\stream_nodes\Audio\arm\decompressor\swc_manifest_decompressor.txt">
      <Filter>NodesManifests</Filter>
    </Text>
    <Text Include="..\..\stream_nodes\Audio\arm\detector\swc_manifest_detector.txt">
      <Filter>NodesManifests</Filter>
    </Text>
    <Text Include="..\..\stream_nodes\Audio\arm\filter\swc_manifest_filter.txt">
      <Filter>NodesManifests</Filter>
    </Text>
    <Text Include="..\..\stream_nodes\Image\elm\TJpgDec\swc_manifest_TjpgDec.txt">
      <Filter>NodesManifests</Filter>
    </Text>
    <Text Include="..\..\stream_nodes\Basic\arm\qos\swc_manifest_qos.txt">
      <Filter>NodesManifests</Filter>
    </Text>
    <Text Include="..\..\stream_platform\windows\graph_0_bin_.txt">
      <Filter>GraphSteps</Filter>
    </Text>
    <Text Include="..\..\stream_platform\windows\graph_1.txt">
      <Filter>GraphSteps</Filter>
    </Text>
    <Text Include="..\..\stream_platform\windows\sub_graph_0.txt">
      <Filter>GraphSteps</Filter>
    </Text>
    <Text Include="..\..\stream_platform\windows\manifest\top_manifest_computer.txt">
      <Filter>PlatformsManifests</Filter>
    </Text>
    <Text Include="..\..\stream_platform\windows\manifest\io_platform_2d_in_0.txt">
      <Filter>PlatformsManifests</Filter>
    </Text>
    <Text Include="..\..\stream_platform\windows\manifest\io_platform_analog_sensor_0.txt">
      <Filter>PlatformsManifests</Filter>
    </Text>
    <Text Include="..\..\stream_platform\windows\manifest\io_platform_audio_in_0.txt">
      <Filter>PlatformsManifests</Filter>
    </Text>
    <Text Include="..\..\stream_platform\windows\manifest\io_platform_data_in_0.txt">
      <Filter>PlatformsManifests</Filter>
    </Text>
    <Text Include="..\..\stream_platform\windows\manifest\io_platform_data_in_1.txt">
      <Filter>PlatformsManifests</Filter>
    </Text>
    <Text Include="..\..\stream_platform\windows\manifest\io_platform_data_out_0.txt">
      <Filter>PlatformsManifests</Filter>
    </Text>
    <Text Include="..\..\stream_platform\windows\manifest\io_platform_gpio_out_0.txt">
      <Filter>PlatformsManifests</Filter>
    </Text>
    <Text Include="..\..\stream_platform\windows\manifest\io_platform_gpio_out_1.txt">
      <Filter>PlatformsManifests</Filter>
    </Text>
    <Text Include="..\..\stream_platform\windows\manifest\io_platform_imu_temperature_0.txt">
      <Filter>PlatformsManifests</Filter>
    </Text>
    <Text Include="..\..\stream_platform\windows\manifest\io_platform_line_in_0.txt">
      <Filter>PlatformsManifests</Filter>
    </Text>
    <Text Include="..\..\stream_platform\windows\manifest\io_platform_line_out_0.txt">
      <Filter>PlatformsManifests</Filter>
    </Text>
    <Text Include="..\..\stream_platform\windows\manifest\io_platform_motion_in_0.txt">
      <Filter>PlatformsManifests</Filter>
    </Text>
    <Text Include="..\..\stream_platform\windows\manifest\io_platform_node_trace_0.txt">
      <Filter>PlatformsManifests</Filter>
    </Text>
    <Text Include="..\..\stream_platform\windows\manifest\io_platform_stream_in_0.txt">
      <Filter>PlatformsManifests</Filter>
    </Text>
    <Text Include="..\..\stream_platform\windows\manifest\procmap_manifest_computer.txt">
      <Filter>PlatformsManifests</Filter>
    </Text>
    <Text Include="..\..\stream_nodes\Basic\arm\resampler\swc_manifest_resampler.txt">
      <Filter>NodesManifests</Filter>
    </Text>
    <Text Include="..\..\stream_doc\NodeManifestTemplate.txt">
      <Filter>Doc</Filter>
    </Text>
    <Text Include="..\..\stream_doc\IoManifestTemplate.txt">
      <Filter>Doc</Filter>
    </Text>
    <Text Include="..\..\stream_doc\NodesDescription.txt">
      <Filter>Doc</Filter>
    </Text>
    <Text Include="..\..\stream_doc\GraphTemplate.txt">
      <Filter>Doc</Filter>
    </Text>
  </ItemGroup>
  <ItemGroup>
    <ClCompile Include="..\stream_tool_graph2Bin.c">
      <Filter>Source Files</Filter>
    </ClCompile>
    <ClCompile Include="..\stream_tool_library.c">
      <Filter>Source Files</Filter>
    </ClCompile>
    <ClCompile Include="..\stream_tool_main.c">
      <Filter>Source Files</Filter>
    </ClCompile>
    <ClCompile Include="..\stream_tool_read_graph.c">
      <Filter>Source Files</Filter>
    </ClCompile>
    <ClCompile Include="..\stream_tool_readManifests.c">
      <Filter>Source Files</Filter>
    </ClCompile>
    <ClCompile Include="..\..\stream_src\stream_graph_interpreter.c">
      <Filter>Stream</Filter>
    </ClCompile>
    <ClCompile Include="..\..\stream_src\stream_io.c">
      <Filter>Stream</Filter>
    </ClCompile>
    <ClCompile Include="..\..\stream_src\stream_scheduler.c">
      <Filter>Stream</Filter>
    </ClCompile>
    <ClCompile Include="..\..\stream_src\stream_services.c">
      <Filter>Stream</Filter>
    </ClCompile>
    <ClCompile Include="..\..\stream_nodes\Basic\arm\script\arm_stream_script_process.c">
      <Filter>Stream</Filter>
    </ClCompile>
    <ClCompile Include="..\..\stream_platform\windows\platform_computer_io_services.c">
      <Filter>Stream</Filter>
    </ClCompile>
    <ClCompile Include="..\..\stream_platform\windows\platform_computer.c">
      <Filter>Stream</Filter>
    </ClCompile>
  </ItemGroup>
</Project>