<?xml version="1.0" encoding="utf-8"?>
<Project ToolsVersion="4.0" xmlns="http://schemas.microsoft.com/developer/msbuild/2003">
  <ItemGroup>
    <Filter Include="Source Files">
      <UniqueIdentifier>{4FC737F1-C7A5-4376-A066-2A32D752A2FF}</UniqueIdentifier>
      <Extensions>cpp;c;cc;cxx;c++;cppm;ixx;def;odl;idl;hpj;bat;asm;asmx</Extensions>
    </Filter>
    <Filter Include="Stream">
      <UniqueIdentifier>{dc4fe0fa-6fec-43cd-a6b3-c7744b243cb3}</UniqueIdentifier>
    </Filter>
  </ItemGroup>
  <ItemGroup>
    <ClInclude Include="..\..\..\stream_src\stream_arcs.h">
      <Filter>Stream</Filter>
    </ClInclude>
    <ClInclude Include="..\..\..\stream_src\stream_const.h">
      <Filter>Stream</Filter>
    </ClInclude>
    <ClInclude Include="..\..\..\stream_src\stream_graph.h">
      <Filter>Stream</Filter>
    </ClInclude>
    <ClInclude Include="..\..\..\stream_src\stream_macro.h">
      <Filter>Stream</Filter>
    </ClInclude>
    <ClInclude Include="..\..\..\stream_src\stream_nodes.h">
      <Filter>Stream</Filter>
    </ClInclude>
    <ClInclude Include="..\..\..\stream_src\stream_platform.h">
      <Filter>Stream</Filter>
    </ClInclude>
    <ClInclude Include="..\..\..\stream_src\stream_types.h">
      <Filter>Stream</Filter>
    </ClInclude>
    <ClInclude Include="..\..\..\stream_al\platform_al.h">
      <Filter>Stream</Filter>
    </ClInclude>
    <ClInclude Include="..\..\..\stream_al\platform_computer.h">
      <Filter>Stream</Filter>
    </ClInclude>
    <ClInclude Include="..\..\..\stream_al\platform_sensor.h">
      <Filter>Stream</Filter>
    </ClInclude>
    <ClInclude Include="..\..\..\stream_tools\graph_bin_1.h">
      <Filter>Source Files</Filter>
    </ClInclude>
    <ClInclude Include="..\..\..\stream_tools\graph_txt_1.h">
      <Filter>Source Files</Filter>
    </ClInclude>
  </ItemGroup>
  <ItemGroup>
    <ClCompile Include="..\..\..\stream_tools\graphTxt2Bin_process.c">
      <Filter>Source Files</Filter>
    </ClCompile>
    <ClCompile Include="..\..\..\stream_tools\graphTxt2Bin.c">
      <Filter>Source Files</Filter>
    </ClCompile>
  </ItemGroup>
</Project>