<?xml version="1.0" encoding="utf-8"?>
<Project ToolsVersion="4.0" xmlns="http://schemas.microsoft.com/developer/msbuild/2003">
  <ItemGroup>
    <Filter Include="Source Files">
      <UniqueIdentifier>{4FC737F1-C7A5-4376-A066-2A32D752A2FF}</UniqueIdentifier>
      <Extensions>cpp;c;cc;cxx;c++;cppm;ixx;def;odl;idl;hpj;bat;asm;asmx</Extensions>
    </Filter>
    <Filter Include="Stream">
      <UniqueIdentifier>{dc4fe0fa-6fec-43cd-a6b3-c7744b243cb3}</UniqueIdentifier>
    </Filter>
    <Filter Include="NodesManifests">
      <UniqueIdentifier>{6475eeb0-8e3e-4161-8eaf-78541cfc0b45}</UniqueIdentifier>
    </Filter>
    <Filter Include="PlatformsManifests">
      <UniqueIdentifier>{9491cea8-90e4-4330-aec4-91cba5186c85}</UniqueIdentifier>
    </Filter>
    <Filter Include="headers">
      <UniqueIdentifier>{fd8f4b13-061f-4063-b0b6-c5fb52b7e0b0}</UniqueIdentifier>
    </Filter>
  </ItemGroup>
  <ItemGroup>
    <ClInclude Include="..\..\..\stream_src\stream_arcs.h">
      <Filter>Stream</Filter>
    </ClInclude>
    <ClInclude Include="..\..\..\stream_src\stream_const.h">
      <Filter>Stream</Filter>
    </ClInclude>
    <ClInclude Include="..\..\..\stream_src\stream_graph.h">
      <Filter>Stream</Filter>
    </ClInclude>
    <ClInclude Include="..\..\..\stream_src\stream_macro.h">
      <Filter>Stream</Filter>
    </ClInclude>
    <ClInclude Include="..\..\..\stream_src\stream_nodes.h">
      <Filter>Stream</Filter>
    </ClInclude>
    <ClInclude Include="..\..\..\stream_src\stream_platform.h">
      <Filter>Stream</Filter>
    </ClInclude>
    <ClInclude Include="..\..\..\stream_src\stream_types.h">
      <Filter>Stream</Filter>
    </ClInclude>
    <ClInclude Include="..\..\..\stream_al\platform_al.h">
      <Filter>Stream</Filter>
    </ClInclude>
    <ClInclude Include="..\..\..\stream_al\platform_computer.h">
      <Filter>Stream</Filter>
    </ClInclude>
    <ClInclude Include="..\..\..\stream_al\platform_sensor.h">
      <Filter>Stream</Filter>
    </ClInclude>
    <ClInclude Include="..\..\..\stream_nodes\arm\gate\swc_manifest_gate.txt">
      <Filter>NodesManifests</Filter>
    </ClInclude>
    <ClInclude Include="..\..\..\stream_al\platform_manifest_computer.txt">
      <Filter>PlatformsManifests</Filter>
    </ClInclude>
    <ClInclude Include="..\..\..\stream_tools\stream_tool_platform_manifests.h">
      <Filter>headers</Filter>
    </ClInclude>
    <ClInclude Include="..\..\..\stream_tools\stream_tool_node_manifests.h">
      <Filter>headers</Filter>
    </ClInclude>
    <ClInclude Include="..\..\..\stream_tools\graph_bin_1.txt">
      <Filter>headers</Filter>
    </ClInclude>
    <ClInclude Include="..\..\..\stream_tools\graph_txt_0.txt">
      <Filter>headers</Filter>
    </ClInclude>
    <ClInclude Include="..\..\..\stream_tools\graph_txt_1.txt">
      <Filter>headers</Filter>
    </ClInclude>
    <ClInclude Include="..\..\..\stream_tools\graph_yaml.txt">
      <Filter>headers</Filter>
    </ClInclude>
  </ItemGroup>
  <ItemGroup>
    <ClCompile Include="..\..\..\stream_tools\stream_tool_graphTxt2Bin.c">
      <Filter>Source Files</Filter>
    </ClCompile>
    <ClCompile Include="..\..\..\stream_tools\stream_tool_graph_translation.c">
      <Filter>Source Files</Filter>
    </ClCompile>
    <ClCompile Include="..\..\..\stream_tools\stream_tool_yaml2Txt.c">
      <Filter>Source Files</Filter>
    </ClCompile>
    <ClCompile Include="..\..\..\stream_tools\stream_tool_readManifests.c">
      <Filter>Source Files</Filter>
    </ClCompile>
  </ItemGroup>
  <ItemGroup>
    <Text Include="..\..\..\stream_nodes\arm\dsp_filter\swc_manifest_dsp_filter.txt">
      <Filter>NodesManifests</Filter>
    </Text>
    <Text Include="..\..\..\stream_tools\stream_tools_files_computer.txt">
      <Filter>headers</Filter>
    </Text>
    <Text Include="..\..\..\stream_tools\graph_script.txt">
      <Filter>headers</Filter>
    </Text>
  </ItemGroup>
</Project>