<?xml version="1.0" encoding="utf-8"?>
<Project ToolsVersion="4.0" xmlns="http://schemas.microsoft.com/developer/msbuild/2003">
  <ItemGroup>
    <ClCompile Include="..\..\..\stream_al\platform_al.c">
      <Filter>stream_al</Filter>
    </ClCompile>
    <ClCompile Include="..\..\..\stream_al\platform_computer.c">
      <Filter>stream_al</Filter>
    </ClCompile>
    <ClCompile Include="..\..\..\stream_demo\main.c">
      <Filter>stream_demo</Filter>
    </ClCompile>
    <ClCompile Include="..\..\..\stream_nodes\arm\audio_codec\arm_codec.c">
      <Filter>stream_nodes</Filter>
    </ClCompile>
    <ClCompile Include="..\..\..\stream_nodes\arm\data_conditioning\arm_data_conditioning.c">
      <Filter>stream_nodes</Filter>
    </ClCompile>
    <ClCompile Include="..\..\..\stream_nodes\arm\dsp_filter\arm_dsp_filter.c">
      <Filter>stream_nodes</Filter>
    </ClCompile>
    <ClCompile Include="..\..\..\stream_nodes\arm\script\arm_script.c">
      <Filter>stream_nodes</Filter>
    </ClCompile>
    <ClCompile Include="..\..\..\stream_nodes\arm\dsp_amp\arm_stream_amplitude.c">
      <Filter>stream_nodes</Filter>
    </ClCompile>
    <ClCompile Include="..\..\..\stream_nodes\arm\gate\arm_stream_detector.c">
      <Filter>stream_nodes</Filter>
    </ClCompile>
    <ClCompile Include="..\..\..\stream_nodes\arm\gate\arm_stream_detector_process.c">
      <Filter>stream_nodes</Filter>
    </ClCompile>
    <ClCompile Include="..\..\..\stream_nodes\arm\generator\arm_stream_generator.c">
      <Filter>stream_nodes</Filter>
    </ClCompile>
    <ClCompile Include="..\..\..\stream_nodes\arm\mixer\arm_stream_mixer.c">
      <Filter>stream_nodes</Filter>
    </ClCompile>
    <ClCompile Include="..\..\..\stream_nodes\arm\route\arm_stream_route.c">
      <Filter>stream_nodes</Filter>
    </ClCompile>
    <ClCompile Include="..\..\..\stream_src\stream_io.c">
      <Filter>stream_src</Filter>
    </ClCompile>
    <ClCompile Include="..\..\..\stream_src\stream_main.c">
      <Filter>stream_src</Filter>
    </ClCompile>
    <ClCompile Include="..\..\..\stream_src\stream_scheduler.c">
      <Filter>stream_src</Filter>
    </ClCompile>
    <ClCompile Include="..\..\..\stream_src\stream_services.c">
      <Filter>stream_src</Filter>
    </ClCompile>
    <ClCompile Include="..\..\..\stream_nodes\stream_nodes.c">
      <Filter>stream_src</Filter>
    </ClCompile>
    <ClCompile Include="..\..\..\stream_nodes\arm\dsp_convert\arm_stream_converter.c">
      <Filter>stream_nodes</Filter>
    </ClCompile>
    <ClCompile Include="..\..\..\stream_nodes\arm\dsp_src\arm_rate_converter.c">
      <Filter>stream_nodes</Filter>
    </ClCompile>
    <ClCompile Include="..\..\..\stream_nodes\arm\frequency_estimator\arm_stream_frequency_estimator.c">
      <Filter>stream_nodes</Filter>
    </ClCompile>
    <ClCompile Include="..\..\..\stream_nodes\arm\serial_data\arm_stream_serial_data.c">
      <Filter>stream_nodes</Filter>
    </ClCompile>
  </ItemGroup>
  <ItemGroup>
    <ClInclude Include="..\..\..\stream_al\platform_al.h">
      <Filter>stream_al</Filter>
    </ClInclude>
    <ClInclude Include="..\..\..\stream_al\platform_computer.h">
      <Filter>stream_al</Filter>
    </ClInclude>
    <ClInclude Include="..\..\..\stream_al\platform_sensor.h">
      <Filter>stream_al</Filter>
    </ClInclude>
    <ClInclude Include="..\..\..\stream_nodes\arm\dsp_filter\arm_dsp_filter.h">
      <Filter>stream_nodes</Filter>
    </ClInclude>
    <ClInclude Include="..\..\..\stream_nodes\arm\gate\arm_stream_detector.h">
      <Filter>stream_nodes</Filter>
    </ClInclude>
    <ClInclude Include="..\..\..\stream_src\stream_arcs.h">
      <Filter>stream_src</Filter>
    </ClInclude>
    <ClInclude Include="..\..\..\stream_src\stream_const.h">
      <Filter>stream_src</Filter>
    </ClInclude>
    <ClInclude Include="..\..\..\stream_src\stream_graph.h">
      <Filter>stream_src</Filter>
    </ClInclude>
    <ClInclude Include="..\..\..\stream_src\stream_macro.h">
      <Filter>stream_src</Filter>
    </ClInclude>
    <ClInclude Include="..\..\..\stream_src\stream_nodes.h">
      <Filter>stream_src</Filter>
    </ClInclude>
    <ClInclude Include="..\..\..\stream_src\stream_platform.h">
      <Filter>stream_src</Filter>
    </ClInclude>
    <ClInclude Include="..\..\..\stream_src\stream_types.h">
      <Filter>stream_src</Filter>
    </ClInclude>
    <ClInclude Include="..\..\..\stream_tools\graph_bin_1.txt">
      <Filter>graph_tool</Filter>
    </ClInclude>
    <ClInclude Include="..\..\..\stream_tools\graph_txt_1.txt">
      <Filter>graph_tool</Filter>
    </ClInclude>
    <ClInclude Include="..\..\..\stream_tools\graph_txt_0.txt">
      <Filter>graph_tool</Filter>
    </ClInclude>
  </ItemGroup>
  <ItemGroup>
    <Filter Include="stream_al">
      <UniqueIdentifier>{d70e9604-4546-49a3-8031-c47edb6db8f0}</UniqueIdentifier>
    </Filter>
    <Filter Include="stream_src">
      <UniqueIdentifier>{c588de10-1613-4136-b8b5-e5ddeb5f2345}</UniqueIdentifier>
    </Filter>
    <Filter Include="stream_nodes">
      <UniqueIdentifier>{65e5e215-d3e5-4b55-abec-9954791019db}</UniqueIdentifier>
    </Filter>
    <Filter Include="stream_demo">
      <UniqueIdentifier>{2d4fe9c4-311b-4bb4-9d69-da408a0f0f1a}</UniqueIdentifier>
    </Filter>
    <Filter Include="graph_tool">
      <UniqueIdentifier>{217e6d7d-a6d0-4ddf-9437-030ed005e741}</UniqueIdentifier>
    </Filter>
  </ItemGroup>
</Project>