<?xml version="1.0" encoding="utf-8"?>
<Project ToolsVersion="4.0" xmlns="http://schemas.microsoft.com/developer/msbuild/2003">
  <ItemGroup>
    <Filter Include="Source Files">
      <UniqueIdentifier>{4FC737F1-C7A5-4376-A066-2A32D752A2FF}</UniqueIdentifier>
      <Extensions>cpp;c;cc;cxx;c++;cppm;ixx;def;odl;idl;hpj;bat;asm;asmx</Extensions>
    </Filter>
    <Filter Include="Stream">
      <UniqueIdentifier>{dc4fe0fa-6fec-43cd-a6b3-c7744b243cb3}</UniqueIdentifier>
    </Filter>
    <Filter Include="NodesManifests">
      <UniqueIdentifier>{6475eeb0-8e3e-4161-8eaf-78541cfc0b45}</UniqueIdentifier>
    </Filter>
    <Filter Include="PlatformsManifests">
      <UniqueIdentifier>{9491cea8-90e4-4330-aec4-91cba5186c85}</UniqueIdentifier>
    </Filter>
    <Filter Include="GraphSteps">
      <UniqueIdentifier>{82339528-06a8-44e3-9ec4-10d468c4f86b}</UniqueIdentifier>
    </Filter>
    <Filter Include="GraphSteps\headers">
      <UniqueIdentifier>{fd8f4b13-061f-4063-b0b6-c5fb52b7e0b0}</UniqueIdentifier>
    </Filter>
  </ItemGroup>
  <ItemGroup>
    <ClInclude Include="..\..\..\stream_src\stream_const.h">
      <Filter>Stream</Filter>
    </ClInclude>
    <ClInclude Include="..\..\..\stream_src\stream_types.h">
      <Filter>Stream</Filter>
    </ClInclude>
    <ClInclude Include="..\..\..\stream_al\platform_al.h">
      <Filter>Stream</Filter>
    </ClInclude>
    <ClInclude Include="..\..\..\stream_al\platform_computer.h">
      <Filter>Stream</Filter>
    </ClInclude>
    <ClInclude Include="..\..\..\stream_al\platform_sensor.h">
      <Filter>Stream</Filter>
    </ClInclude>
    <ClInclude Include="..\..\..\stream_tools\stream_tool_include.h">
      <Filter>Source Files</Filter>
    </ClInclude>
    <ClInclude Include="..\..\..\stream_tools\stream_tool_platform_manifests.h">
      <Filter>Source Files</Filter>
    </ClInclude>
    <ClInclude Include="..\..\..\stream_tools\stream_tool.h">
      <Filter>Source Files</Filter>
    </ClInclude>
    <ClInclude Include="..\..\..\stream_tools\stream_tool_define.h">
      <Filter>Source Files</Filter>
    </ClInclude>
  </ItemGroup>
  <ItemGroup>
    <ClCompile Include="..\..\..\stream_tools\stream_tool_graph2Bin.c">
      <Filter>Source Files</Filter>
    </ClCompile>
    <ClCompile Include="..\..\..\stream_tools\stream_tool_main.c">
      <Filter>Source Files</Filter>
    </ClCompile>
    <ClCompile Include="..\..\..\stream_tools\stream_tool_read_graph.c">
      <Filter>Source Files</Filter>
    </ClCompile>
    <ClCompile Include="..\..\..\stream_tools\stream_tool_readManifests.c">
      <Filter>Source Files</Filter>
    </ClCompile>
    <ClCompile Include="..\..\..\stream_tools\stream_tool_script_assembler.c">
      <Filter>Source Files</Filter>
    </ClCompile>
    <ClCompile Include="..\..\..\stream_tools\stream_tool_library.c">
      <Filter>Source Files</Filter>
    </ClCompile>
    <ClCompile Include="..\..\..\stream_tools\arm_stream_graphFormatChecks.c">
      <Filter>Source Files</Filter>
    </ClCompile>
  </ItemGroup>
  <ItemGroup>
    <Text Include="..\..\..\stream_nodes\arm\filter\swc_manifest_filter.txt">
      <Filter>NodesManifests</Filter>
    </Text>
    <Text Include="..\..\..\stream_nodes\arm\detector\swc_manifest_detector.txt">
      <Filter>NodesManifests</Filter>
    </Text>
    <Text Include="..\..\..\stream_graph\arm_stream_filter_parameters_x.txt">
      <Filter>GraphSteps</Filter>
    </Text>
    <Text Include="..\..\..\stream_graph\graph_1.txt">
      <Filter>GraphSteps</Filter>
    </Text>
    <Text Include="..\..\..\stream_graph\graph_1_bin.txt">
      <Filter>GraphSteps</Filter>
    </Text>
    <Text Include="..\..\..\stream_graph\graph_1_sub.txt">
      <Filter>GraphSteps</Filter>
    </Text>
    <Text Include="..\..\..\stream_graph\TEMPLATE_GRAPH.txt">
      <Filter>GraphSteps</Filter>
    </Text>
    <Text Include="..\..\..\stream_graph\files_manifests_computer.txt">
      <Filter>PlatformsManifests</Filter>
    </Text>
    <Text Include="..\..\..\stream_graph\io_platform_analog_sensor_0.txt">
      <Filter>PlatformsManifests</Filter>
    </Text>
    <Text Include="..\..\..\stream_graph\io_platform_gpio_out_0.txt">
      <Filter>PlatformsManifests</Filter>
    </Text>
    <Text Include="..\..\..\stream_graph\io_platform_gpio_out_1.txt">
      <Filter>PlatformsManifests</Filter>
    </Text>
    <Text Include="..\..\..\stream_graph\io_platform_node_trace_0.txt">
      <Filter>PlatformsManifests</Filter>
    </Text>
    <Text Include="..\..\..\stream_graph\io_platform_imu_temperature_0.txt">
      <Filter>PlatformsManifests</Filter>
    </Text>
    <Text Include="..\..\..\stream_graph\io_platform_imu_XYZ_0.txt">
      <Filter>PlatformsManifests</Filter>
    </Text>
    <Text Include="..\..\..\stream_graph\io_platform_line_in_0.txt">
      <Filter>PlatformsManifests</Filter>
    </Text>
    <Text Include="..\..\..\stream_graph\io_platform_line_out_0.txt">
      <Filter>PlatformsManifests</Filter>
    </Text>
    <Text Include="..\..\..\stream_graph\io_platform_microphone_0.txt">
      <Filter>PlatformsManifests</Filter>
    </Text>
    <Text Include="..\..\..\stream_graph\io_platform_stream_in_0.txt">
      <Filter>PlatformsManifests</Filter>
    </Text>
    <Text Include="..\..\..\stream_graph\platform_manifest_computer.txt">
      <Filter>PlatformsManifests</Filter>
    </Text>
    <Text Include="..\..\..\stream_graph\rfc8428.txt">
      <Filter>PlatformsManifests</Filter>
    </Text>
    <Text Include="..\..\..\stream_graph\stream_tools_files_computer.txt">
      <Filter>PlatformsManifests</Filter>
    </Text>
    <Text Include="..\..\..\stream_graph\graph_0.txt">
      <Filter>GraphSteps</Filter>
    </Text>
    <Text Include="..\..\..\stream_graph\graph_0_bin.txt">
      <Filter>GraphSteps</Filter>
    </Text>
  </ItemGroup>
</Project>