<?xml version="1.0" encoding="utf-8"?>
<Project ToolsVersion="4.0" xmlns="http://schemas.microsoft.com/developer/msbuild/2003">
  <ItemGroup>
    <Filter Include="Source Files">
      <UniqueIdentifier>{4FC737F1-C7A5-4376-A066-2A32D752A2FF}</UniqueIdentifier>
      <Extensions>cpp;c;cc;cxx;c++;cppm;ixx;def;odl;idl;hpj;bat;asm;asmx</Extensions>
    </Filter>
    <Filter Include="Header Files">
      <UniqueIdentifier>{93995380-89BD-4b04-88EB-625FBE52EBFB}</UniqueIdentifier>
      <Extensions>h;hh;hpp;hxx;h++;hm;inl;inc;ipp;xsd</Extensions>
    </Filter>
    <Filter Include="Resource Files">
      <UniqueIdentifier>{67DA6AB6-F800-4c08-8B7A-83BB121AAD01}</UniqueIdentifier>
      <Extensions>rc;ico;cur;bmp;dlg;rc2;rct;bin;rgs;gif;jpg;jpeg;jpe;resx;tiff;tif;png;wav;mfcribbon-ms</Extensions>
    </Filter>
    <Filter Include="Source Files\src">
      <UniqueIdentifier>{654df30d-027d-4bb6-bd85-87876ea26848}</UniqueIdentifier>
    </Filter>
    <Filter Include="Source Files\nodes">
      <UniqueIdentifier>{92431dbb-f025-474b-85f3-74fe80cae662}</UniqueIdentifier>
    </Filter>
    <Filter Include="Source Files\platform">
      <UniqueIdentifier>{33f88ae1-2b73-42c3-b2f7-43caa4feebb4}</UniqueIdentifier>
    </Filter>
    <Filter Include="Source Files\platform\library">
      <UniqueIdentifier>{295cc5c5-5558-4591-b27a-a14b8e7a43f2}</UniqueIdentifier>
    </Filter>
  </ItemGroup>
  <ItemGroup>
    <ClCompile Include="..\..\stream_platform\computer\platform_computer_services.c">
      <Filter>Source Files\platform</Filter>
    </ClCompile>
    <ClCompile Include="..\..\stream_platform\computer\platform_computer_io_services.c">
      <Filter>Source Files\platform</Filter>
    </ClCompile>
    <ClCompile Include="..\..\stream_platform\computer\platform_computer.c">
      <Filter>Source Files\platform</Filter>
    </ClCompile>
    <ClCompile Include="..\..\stream_nodes\arm\amplifier\arm_stream_amplifier.c">
      <Filter>Source Files\nodes</Filter>
    </ClCompile>
    <ClCompile Include="..\..\stream_nodes\arm\amplifier\arm_stream_amplifier_process.c">
      <Filter>Source Files\nodes</Filter>
    </ClCompile>
    <ClCompile Include="..\..\stream_nodes\arm\demodulator\arm_stream_demodulator.c">
      <Filter>Source Files\nodes</Filter>
    </ClCompile>
    <ClCompile Include="..\..\stream_nodes\arm\demodulator\arm_stream_demodulator_process.c">
      <Filter>Source Files\nodes</Filter>
    </ClCompile>
    <ClCompile Include="..\..\stream_nodes\arm\filter\arm_stream_filter.c">
      <Filter>Source Files\nodes</Filter>
    </ClCompile>
    <ClCompile Include="..\..\stream_nodes\arm\filter2D\arm_stream_filter2D.c">
      <Filter>Source Files\nodes</Filter>
    </ClCompile>
    <ClCompile Include="..\..\stream_nodes\arm\modulator\arm_stream_modulator.c">
      <Filter>Source Files\nodes</Filter>
    </ClCompile>
    <ClCompile Include="..\..\stream_nodes\arm\modulator\arm_stream_modulator_process.c">
      <Filter>Source Files\nodes</Filter>
    </ClCompile>
    <ClCompile Include="..\..\stream_nodes\arm\script\arm_stream_script.c">
      <Filter>Source Files\nodes</Filter>
    </ClCompile>
    <ClCompile Include="..\..\stream_nodes\arm\script\arm_stream_script_process.c">
      <Filter>Source Files\nodes</Filter>
    </ClCompile>
    <ClCompile Include="..\..\stream_nodes\bitbank\JPEGENC\bitbank_JPEGENC.c">
      <Filter>Source Files\nodes</Filter>
    </ClCompile>
    <ClCompile Include="..\..\stream_nodes\elm-lang\TJpgDec\TjpgDec.c">
      <Filter>Source Files\nodes</Filter>
    </ClCompile>
    <ClCompile Include="..\..\stream_nodes\signal-processingFR\compressor\sigp_stream_compressor.c">
      <Filter>Source Files\nodes</Filter>
    </ClCompile>
    <ClCompile Include="..\..\stream_nodes\signal-processingFR\compressor\sigp_stream_compressor_imadpcm.c">
      <Filter>Source Files\nodes</Filter>
    </ClCompile>
    <ClCompile Include="..\..\stream_nodes\signal-processingFR\compressor\sigp_stream_compressor_process.c">
      <Filter>Source Files\nodes</Filter>
    </ClCompile>
    <ClCompile Include="..\..\stream_nodes\signal-processingFR\decompressor\sigp_stream_decompressor.c">
      <Filter>Source Files\nodes</Filter>
    </ClCompile>
    <ClCompile Include="..\..\stream_nodes\signal-processingFR\decompressor\sigp_stream_decompressor_imadpcm.c">
      <Filter>Source Files\nodes</Filter>
    </ClCompile>
    <ClCompile Include="..\..\stream_nodes\signal-processingFR\detector\sigp_stream_detector.c">
      <Filter>Source Files\nodes</Filter>
    </ClCompile>
    <ClCompile Include="..\..\stream_nodes\signal-processingFR\detector\sigp_stream_detector_process.c">
      <Filter>Source Files\nodes</Filter>
    </ClCompile>
    <ClCompile Include="..\..\stream_nodes\signal-processingFR\detector2D\sigp_stream_detector2D.c">
      <Filter>Source Files\nodes</Filter>
    </ClCompile>
    <ClCompile Include="..\..\stream_nodes\signal-processingFR\detector2D\sigp_stream_detector2D_process.c">
      <Filter>Source Files\nodes</Filter>
    </ClCompile>
    <ClCompile Include="..\..\stream_nodes\signal-processingFR\resampler\sigp_stream_resampler.c">
      <Filter>Source Files\nodes</Filter>
    </ClCompile>
    <ClCompile Include="..\..\stream_nodes\signal-processingFR\resampler\sigp_stream_resampler_process.c">
      <Filter>Source Files\nodes</Filter>
    </ClCompile>
    <ClCompile Include="..\..\stream_src\stream_graph_interpreter.c">
      <Filter>Source Files\src</Filter>
    </ClCompile>
    <ClCompile Include="..\..\stream_src\stream_io.c">
      <Filter>Source Files\src</Filter>
    </ClCompile>
    <ClCompile Include="..\..\stream_src\stream_scheduler.c">
      <Filter>Source Files\src</Filter>
    </ClCompile>
    <ClCompile Include="..\..\stream_platform\computer\stream_libraries\CMSIS-DSP\Source\FilteringFunctions\Computer_arm_biquad_cascade_df1_f32.c">
      <Filter>Source Files\platform\library</Filter>
    </ClCompile>
    <ClCompile Include="..\..\stream_platform\computer\stream_libraries\CMSIS-DSP\Source\FilteringFunctions\Computer_arm_biquad_cascade_df1_fast_q15.c">
      <Filter>Source Files\platform\library</Filter>
    </ClCompile>
    <ClCompile Include="..\..\stream_platform\computer\stream_libraries\CMSIS-DSP\Source\FilteringFunctions\Computer_arm_biquad_cascade_df1_init_f32.c">
      <Filter>Source Files\platform\library</Filter>
    </ClCompile>
    <ClCompile Include="..\..\stream_platform\computer\stream_libraries\CMSIS-DSP\Source\FilteringFunctions\Computer_arm_biquad_cascade_df1_init_q15.c">
      <Filter>Source Files\platform\library</Filter>
    </ClCompile>
    <ClCompile Include="main_call_computer.c">
      <Filter>Source Files</Filter>
    </ClCompile>
    <ClCompile Include="..\main.c">
      <Filter>Source Files</Filter>
    </ClCompile>
    <ClCompile Include="..\..\stream_nodes\arm\router\arm_stream_router.c">
      <Filter>Source Files\nodes</Filter>
    </ClCompile>
    <ClCompile Include="..\..\stream_nodes\arm\router\arm_stream_router_process.c">
      <Filter>Source Files\nodes</Filter>
    </ClCompile>
  </ItemGroup>
  <ItemGroup>
    <ClInclude Include="..\..\stream_platform\platform.h">
      <Filter>Source Files\platform</Filter>
    </ClInclude>
    <ClInclude Include="..\..\stream_platform\platform_computer.h">
      <Filter>Source Files\platform</Filter>
    </ClInclude>
    <ClInclude Include="..\..\stream_platform\computer\graph_computer_header.h">
      <Filter>Source Files\platform</Filter>
    </ClInclude>
    <ClInclude Include="..\..\stream_src\stream_const.h">
      <Filter>Source Files\src</Filter>
    </ClInclude>
    <ClInclude Include="..\..\stream_nodes\stream_common_const.h">
      <Filter>Source Files\src</Filter>
    </ClInclude>
    <ClInclude Include="..\..\stream_nodes\stream_common_types.h">
      <Filter>Source Files\src</Filter>
    </ClInclude>
    <ClInclude Include="..\..\stream_src\stream_extern.h">
      <Filter>Source Files\src</Filter>
    </ClInclude>
    <ClInclude Include="..\..\stream_nodes\arm\script\arm_stream_script.h">
      <Filter>Source Files\nodes</Filter>
    </ClInclude>
    <ClInclude Include="..\..\stream_nodes\arm\script\arm_stream_script_instructions.h">
      <Filter>Source Files\nodes</Filter>
    </ClInclude>
    <ClInclude Include="..\..\stream_nodes\arm\router\arm_stream_router.h">
      <Filter>Source Files\nodes</Filter>
    </ClInclude>
    <ClInclude Include="..\..\stream_nodes\signal-processingFR\detector\sigp_stream_detector.h">
      <Filter>Source Files\nodes</Filter>
    </ClInclude>
  </ItemGroup>
  <ItemGroup>
    <Text Include="..\..\stream_platform\computer\graph_computer_debug.txt">
      <Filter>Source Files</Filter>
    </Text>
    <Text Include="..\..\stream_platform\computer\graph_computer.txt" />
    <Text Include="..\..\stream_platform\computer\graph_computer_router_bin.txt">
      <Filter>Source Files\platform</Filter>
    </Text>
    <Text Include="..\..\stream_platform\computer\graph_computer_router.txt">
      <Filter>Source Files\platform</Filter>
    </Text>
  </ItemGroup>
</Project>