<?xml version="1.0" encoding="utf-8"?>
<Project ToolsVersion="4.0" xmlns="http://schemas.microsoft.com/developer/msbuild/2003">
  <ItemGroup>
    <Filter Include="Source Files">
      <UniqueIdentifier>{4FC737F1-C7A5-4376-A066-2A32D752A2FF}</UniqueIdentifier>
      <Extensions>cpp;c;cc;cxx;c++;cppm;ixx;def;odl;idl;hpj;bat;asm;asmx</Extensions>
    </Filter>
    <Filter Include="Stream">
      <UniqueIdentifier>{dc4fe0fa-6fec-43cd-a6b3-c7744b243cb3}</UniqueIdentifier>
    </Filter>
    <Filter Include="NodesManifests">
      <UniqueIdentifier>{6475eeb0-8e3e-4161-8eaf-78541cfc0b45}</UniqueIdentifier>
    </Filter>
    <Filter Include="GraphSteps">
      <UniqueIdentifier>{82339528-06a8-44e3-9ec4-10d468c4f86b}</UniqueIdentifier>
    </Filter>
    <Filter Include="GraphSteps\headers">
      <UniqueIdentifier>{fd8f4b13-061f-4063-b0b6-c5fb52b7e0b0}</UniqueIdentifier>
    </Filter>
    <Filter Include="Doc">
      <UniqueIdentifier>{038cf925-e2be-4c01-9538-af808853244c}</UniqueIdentifier>
    </Filter>
    <Filter Include="PlatformsManifests">
      <UniqueIdentifier>{9491cea8-90e4-4330-aec4-91cba5186c85}</UniqueIdentifier>
    </Filter>
    <Filter Include="PlatformsManifests\LPC55S69 PlatformManifests">
      <UniqueIdentifier>{27b630d5-bee8-47a0-98a9-5d133bc19fe7}</UniqueIdentifier>
    </Filter>
    <Filter Include="PlatformsManifests\Computer PlatformManifests">
      <UniqueIdentifier>{4ce02fe8-ef73-4fe8-bef0-713e9093e164}</UniqueIdentifier>
    </Filter>
    <Filter Include="PlatformsManifests\lp-mspm0l1306">
      <UniqueIdentifier>{165b930c-3efd-41c7-9f93-23bd967c6819}</UniqueIdentifier>
    </Filter>
  </ItemGroup>
  <ItemGroup>
    <ClInclude Include="..\stream_tool.h">
      <Filter>Source Files</Filter>
    </ClInclude>
    <ClInclude Include="..\stream_tool_define.h">
      <Filter>Source Files</Filter>
    </ClInclude>
    <ClInclude Include="..\stream_tool_include.h">
      <Filter>Source Files</Filter>
    </ClInclude>
    <ClInclude Include="..\..\stream_src\stream_const.h">
      <Filter>Stream</Filter>
    </ClInclude>
    <ClInclude Include="..\..\stream_src\stream_types.h">
      <Filter>Stream</Filter>
    </ClInclude>
    <ClInclude Include="..\..\stream_src\stream_extern.h">
      <Filter>Stream</Filter>
    </ClInclude>
    <ClInclude Include="..\..\stream_platform\platform.h">
      <Filter>GraphSteps</Filter>
    </ClInclude>
    <ClInclude Include="..\..\stream_platform\lpc55s69evk\graph_lpc55s69evk_header.h">
      <Filter>GraphSteps</Filter>
    </ClInclude>
    <ClInclude Include="..\..\stream_platform\lp-mspm0l1306\graph_lp-mspm0l1306_header.h">
      <Filter>GraphSteps</Filter>
    </ClInclude>
    <ClInclude Include="..\..\stream_nodes\stream_common.h">
      <Filter>Stream</Filter>
    </ClInclude>
    <ClInclude Include="..\..\stream_platform\computer\graph_computer_header.h">
      <Filter>GraphSteps</Filter>
    </ClInclude>
  </ItemGroup>
  <ItemGroup>
    <Text Include="..\..\stream_platform\lpc55s69evk\graph_lpc55s69evk.txt">
      <Filter>GraphSteps</Filter>
    </Text>
    <Text Include="..\..\stream_platform\lpc55s69evk\graph_lpc55s69evk_bin.txt">
      <Filter>GraphSteps</Filter>
    </Text>
    <Text Include="..\..\stream_platform\lpc55s69evk\graph_lpc55s69evk_debug.txt">
      <Filter>GraphSteps</Filter>
    </Text>
    <Text Include="..\..\stream_platform\windows\manifest\io_platform_2d_in_0.txt">
      <Filter>PlatformsManifests\Computer PlatformManifests</Filter>
    </Text>
    <Text Include="..\..\stream_platform\windows\manifest\io_platform_analog_sensor_0.txt">
      <Filter>PlatformsManifests\Computer PlatformManifests</Filter>
    </Text>
    <Text Include="..\..\stream_platform\windows\manifest\io_platform_audio_in_0.txt">
      <Filter>PlatformsManifests\Computer PlatformManifests</Filter>
    </Text>
    <Text Include="..\..\stream_platform\windows\manifest\io_platform_data_in_0.txt">
      <Filter>PlatformsManifests\Computer PlatformManifests</Filter>
    </Text>
    <Text Include="..\..\stream_platform\windows\manifest\io_platform_data_in_1.txt">
      <Filter>PlatformsManifests\Computer PlatformManifests</Filter>
    </Text>
    <Text Include="..\..\stream_platform\windows\manifest\io_platform_data_out_0.txt">
      <Filter>PlatformsManifests\Computer PlatformManifests</Filter>
    </Text>
    <Text Include="..\..\stream_platform\windows\manifest\io_platform_gpio_out_0.txt">
      <Filter>PlatformsManifests\Computer PlatformManifests</Filter>
    </Text>
    <Text Include="..\..\stream_platform\windows\manifest\io_platform_gpio_out_1.txt">
      <Filter>PlatformsManifests\Computer PlatformManifests</Filter>
    </Text>
    <Text Include="..\..\stream_platform\windows\manifest\io_platform_imu_temperature_0.txt">
      <Filter>PlatformsManifests\Computer PlatformManifests</Filter>
    </Text>
    <Text Include="..\..\stream_platform\windows\manifest\io_platform_line_in_0.txt">
      <Filter>PlatformsManifests\Computer PlatformManifests</Filter>
    </Text>
    <Text Include="..\..\stream_platform\windows\manifest\io_platform_line_out_0.txt">
      <Filter>PlatformsManifests\Computer PlatformManifests</Filter>
    </Text>
    <Text Include="..\..\stream_platform\windows\manifest\io_platform_motion_in_0.txt">
      <Filter>PlatformsManifests\Computer PlatformManifests</Filter>
    </Text>
    <Text Include="..\..\stream_platform\windows\manifest\io_platform_node_trace_0.txt">
      <Filter>PlatformsManifests\Computer PlatformManifests</Filter>
    </Text>
    <Text Include="..\..\stream_platform\windows\manifest\io_platform_stream_in_0.txt">
      <Filter>PlatformsManifests\Computer PlatformManifests</Filter>
    </Text>
    <Text Include="..\..\stream_platform\lpc55s69evk\manifest\top_manifest_lpc55s69evk.txt">
      <Filter>PlatformsManifests</Filter>
    </Text>
    <Text Include="..\..\stream_platform\lpc55s69evk\manifest\procmap_manifest_lpc55s69evk.txt">
      <Filter>PlatformsManifests</Filter>
    </Text>
    <Text Include="..\..\stream_platform\lpc55s69evk\manifest\io_platform_2d_in_0.txt">
      <Filter>PlatformsManifests\LPC55S69 PlatformManifests</Filter>
    </Text>
    <Text Include="..\..\stream_platform\lpc55s69evk\manifest\io_platform_analog_sensor_0.txt">
      <Filter>PlatformsManifests\LPC55S69 PlatformManifests</Filter>
    </Text>
    <Text Include="..\..\stream_platform\lpc55s69evk\manifest\io_platform_audio_in_0.txt">
      <Filter>PlatformsManifests\LPC55S69 PlatformManifests</Filter>
    </Text>
    <Text Include="..\..\stream_platform\lpc55s69evk\manifest\io_platform_data_in_0.txt">
      <Filter>PlatformsManifests\LPC55S69 PlatformManifests</Filter>
    </Text>
    <Text Include="..\..\stream_platform\lpc55s69evk\manifest\io_platform_data_in_1.txt">
      <Filter>PlatformsManifests\LPC55S69 PlatformManifests</Filter>
    </Text>
    <Text Include="..\..\stream_platform\lpc55s69evk\manifest\io_platform_data_out_0.txt">
      <Filter>PlatformsManifests\LPC55S69 PlatformManifests</Filter>
    </Text>
    <Text Include="..\..\stream_platform\lpc55s69evk\manifest\io_platform_gpio_out_0.txt">
      <Filter>PlatformsManifests\LPC55S69 PlatformManifests</Filter>
    </Text>
    <Text Include="..\..\stream_platform\lpc55s69evk\manifest\io_platform_gpio_out_1.txt">
      <Filter>PlatformsManifests\LPC55S69 PlatformManifests</Filter>
    </Text>
    <Text Include="..\..\stream_platform\lpc55s69evk\manifest\io_platform_imu_temperature_0.txt">
      <Filter>PlatformsManifests\LPC55S69 PlatformManifests</Filter>
    </Text>
    <Text Include="..\..\stream_platform\lpc55s69evk\manifest\io_platform_line_in_0.txt">
      <Filter>PlatformsManifests\LPC55S69 PlatformManifests</Filter>
    </Text>
    <Text Include="..\..\stream_platform\lpc55s69evk\manifest\io_platform_line_out_0.txt">
      <Filter>PlatformsManifests\LPC55S69 PlatformManifests</Filter>
    </Text>
    <Text Include="..\..\stream_platform\lpc55s69evk\manifest\io_platform_motion_in_0.txt">
      <Filter>PlatformsManifests\LPC55S69 PlatformManifests</Filter>
    </Text>
    <Text Include="..\..\stream_platform\lpc55s69evk\manifest\io_platform_node_trace_0.txt">
      <Filter>PlatformsManifests\LPC55S69 PlatformManifests</Filter>
    </Text>
    <Text Include="..\..\stream_platform\lpc55s69evk\manifest\io_platform_stream_in_0.txt">
      <Filter>PlatformsManifests\LPC55S69 PlatformManifests</Filter>
    </Text>
    <Text Include="..\..\stream_platform\lp-mspm0l1306\manifest\io_platform_2d_in_0.txt">
      <Filter>PlatformsManifests\lp-mspm0l1306</Filter>
    </Text>
    <Text Include="..\..\stream_platform\lp-mspm0l1306\manifest\io_platform_analog_sensor_0.txt">
      <Filter>PlatformsManifests\lp-mspm0l1306</Filter>
    </Text>
    <Text Include="..\..\stream_platform\lp-mspm0l1306\manifest\io_platform_audio_in_0.txt">
      <Filter>PlatformsManifests\lp-mspm0l1306</Filter>
    </Text>
    <Text Include="..\..\stream_platform\lp-mspm0l1306\manifest\io_platform_data_in_0.txt">
      <Filter>PlatformsManifests\lp-mspm0l1306</Filter>
    </Text>
    <Text Include="..\..\stream_platform\lp-mspm0l1306\manifest\io_platform_data_in_1.txt">
      <Filter>PlatformsManifests\lp-mspm0l1306</Filter>
    </Text>
    <Text Include="..\..\stream_platform\lp-mspm0l1306\manifest\io_platform_data_out_0.txt">
      <Filter>PlatformsManifests\lp-mspm0l1306</Filter>
    </Text>
    <Text Include="..\..\stream_platform\lp-mspm0l1306\manifest\io_platform_gpio_out_0.txt">
      <Filter>PlatformsManifests\lp-mspm0l1306</Filter>
    </Text>
    <Text Include="..\..\stream_platform\lp-mspm0l1306\manifest\io_platform_gpio_out_1.txt">
      <Filter>PlatformsManifests\lp-mspm0l1306</Filter>
    </Text>
    <Text Include="..\..\stream_platform\lp-mspm0l1306\manifest\io_platform_imu_temperature_0.txt">
      <Filter>PlatformsManifests\lp-mspm0l1306</Filter>
    </Text>
    <Text Include="..\..\stream_platform\lp-mspm0l1306\manifest\io_platform_line_in_0.txt">
      <Filter>PlatformsManifests\lp-mspm0l1306</Filter>
    </Text>
    <Text Include="..\..\stream_platform\lp-mspm0l1306\manifest\io_platform_line_out_0.txt">
      <Filter>PlatformsManifests\lp-mspm0l1306</Filter>
    </Text>
    <Text Include="..\..\stream_platform\lp-mspm0l1306\manifest\io_platform_motion_in_0.txt">
      <Filter>PlatformsManifests\lp-mspm0l1306</Filter>
    </Text>
    <Text Include="..\..\stream_platform\lp-mspm0l1306\manifest\io_platform_node_trace_0.txt">
      <Filter>PlatformsManifests\lp-mspm0l1306</Filter>
    </Text>
    <Text Include="..\..\stream_platform\lp-mspm0l1306\manifest\io_platform_stream_in_0.txt">
      <Filter>PlatformsManifests\lp-mspm0l1306</Filter>
    </Text>
    <Text Include="..\..\stream_platform\lp-mspm0l1306\manifest\procmap_manifest_lp-mspm0l1306.txt">
      <Filter>PlatformsManifests</Filter>
    </Text>
    <Text Include="..\..\stream_platform\lp-mspm0l1306\manifest\top_manifest_lp-mspm0l1306.txt">
      <Filter>PlatformsManifests</Filter>
    </Text>
    <Text Include="..\..\stream_platform\lp-mspm0l1306\graph_lp-mspm0l1306.txt">
      <Filter>GraphSteps</Filter>
    </Text>
    <Text Include="..\..\stream_platform\lp-mspm0l1306\graph_lp-mspm0l1306_bin.txt">
      <Filter>GraphSteps</Filter>
    </Text>
    <Text Include="..\..\stream_platform\lp-mspm0l1306\graph_lp-mspm0l1306_debug.txt">
      <Filter>GraphSteps</Filter>
    </Text>
    <Text Include="..\..\stream_nodes\arm\amplifier\node_manifest_amplifier.txt">
      <Filter>NodesManifests</Filter>
    </Text>
    <Text Include="..\..\stream_nodes\arm\analysis\node_manifest_analysis.txt">
      <Filter>NodesManifests</Filter>
    </Text>
    <Text Include="..\..\stream_nodes\arm\compressor\node_manifest_compressor.txt">
      <Filter>NodesManifests</Filter>
    </Text>
    <Text Include="..\..\stream_nodes\arm\demodulator\node_manifest_demodulator.txt">
      <Filter>NodesManifests</Filter>
    </Text>
    <Text Include="..\..\stream_nodes\arm\filter\node_manifest_filter.txt">
      <Filter>NodesManifests</Filter>
    </Text>
    <Text Include="..\..\stream_nodes\arm\filter2D\node_manifest_filter2D.txt">
      <Filter>NodesManifests</Filter>
    </Text>
    <Text Include="..\..\stream_nodes\arm\script\node_manifest_graph_control.txt">
      <Filter>NodesManifests</Filter>
    </Text>
    <Text Include="..\..\stream_nodes\arm\mixer\node_manifest_mixer.txt">
      <Filter>NodesManifests</Filter>
    </Text>
    <Text Include="..\..\stream_nodes\arm\modulator\node_manifest_modulator.txt">
      <Filter>NodesManifests</Filter>
    </Text>
    <Text Include="..\..\stream_nodes\arm\qos\node_manifest_qos.txt">
      <Filter>NodesManifests</Filter>
    </Text>
    <Text Include="..\..\stream_nodes\arm\rescaler\node_manifest_rescaler.txt">
      <Filter>NodesManifests</Filter>
    </Text>
    <Text Include="..\..\stream_nodes\arm\router\node_manifest_router.txt">
      <Filter>NodesManifests</Filter>
    </Text>
    <Text Include="..\..\stream_nodes\arm\script\node_manifest_script.txt">
      <Filter>NodesManifests</Filter>
    </Text>
    <Text Include="..\..\stream_nodes\arm\split\node_manifest_split.txt">
      <Filter>NodesManifests</Filter>
    </Text>
    <Text Include="..\..\stream_platform\computer\graph_computer.txt">
      <Filter>GraphSteps</Filter>
    </Text>
    <Text Include="..\..\stream_platform\computer\graph_computer_bin.txt">
      <Filter>GraphSteps</Filter>
    </Text>
    <Text Include="..\..\stream_platform\computer\graph_computer_debug.txt">
      <Filter>GraphSteps</Filter>
    </Text>
    <Text Include="..\..\stream_nodes\signal-processingFR\converter\node_manifest_converter.txt">
      <Filter>NodesManifests</Filter>
    </Text>
    <Text Include="..\..\stream_nodes\signal-processingFR\decompressor\node_manifest_decompressor.txt">
      <Filter>NodesManifests</Filter>
    </Text>
    <Text Include="..\..\stream_nodes\signal-processingFR\detector\node_manifest_detector.txt">
      <Filter>NodesManifests</Filter>
    </Text>
    <Text Include="..\..\stream_nodes\signal-processingFR\detector2D\node_manifest_detector2D.txt">
      <Filter>NodesManifests</Filter>
    </Text>
    <Text Include="..\..\stream_nodes\signal-processingFR\resampler\node_manifest_resampler.txt">
      <Filter>NodesManifests</Filter>
    </Text>
    <Text Include="..\..\stream_nodes\elm-lang\TJpgDec\node_manifest_TjpgDec.txt">
      <Filter>NodesManifests</Filter>
    </Text>
    <Text Include="..\..\stream_nodes\bitbank\node_manifest_bitbank_JPEGENC.txt">
      <Filter>NodesManifests</Filter>
    </Text>
    <Text Include="..\..\stream_platform\computer\manifest\procmap_manifest_computer.txt">
      <Filter>PlatformsManifests</Filter>
    </Text>
    <Text Include="..\..\stream_platform\computer\manifest\top_manifest_computer.txt">
      <Filter>PlatformsManifests</Filter>
    </Text>
    <Text Include="..\..\stream_nodes\node_manifest_none.txt">
      <Filter>NodesManifests</Filter>
    </Text>
  </ItemGroup>
  <ItemGroup>
    <ClCompile Include="..\stream_tool_graph2Bin.c">
      <Filter>Source Files</Filter>
    </ClCompile>
    <ClCompile Include="..\stream_tool_library.c">
      <Filter>Source Files</Filter>
    </ClCompile>
    <ClCompile Include="..\stream_tool_main.c">
      <Filter>Source Files</Filter>
    </ClCompile>
    <ClCompile Include="..\stream_tool_read_graph.c">
      <Filter>Source Files</Filter>
    </ClCompile>
    <ClCompile Include="..\stream_tool_readManifests.c">
      <Filter>Source Files</Filter>
    </ClCompile>
  </ItemGroup>
  <ItemGroup>
    <None Include="..\..\stream_doc\Graph.md">
      <Filter>Doc</Filter>
    </None>
    <None Include="..\..\stream_doc\IoManifest.md">
      <Filter>Doc</Filter>
    </None>
    <None Include="..\..\stream_doc\NodeManifest.md">
      <Filter>Doc</Filter>
    </None>
    <None Include="..\..\stream_doc\NodesDescription.md">
      <Filter>Doc</Filter>
    </None>
    <None Include="..\..\stream_doc\PlatformManifest.md">
      <Filter>Doc</Filter>
    </None>
    <None Include="..\..\stream_doc\Tables.md">
      <Filter>Doc</Filter>
    </None>
  </ItemGroup>
</Project>