<?xml version="1.0" encoding="utf-8"?>
<Project ToolsVersion="4.0" xmlns="http://schemas.microsoft.com/developer/msbuild/2003">
  <ItemGroup>
    <Filter Include="Source Files">
      <UniqueIdentifier>{4FC737F1-C7A5-4376-A066-2A32D752A2FF}</UniqueIdentifier>
      <Extensions>cpp;c;cc;cxx;c++;cppm;ixx;def;odl;idl;hpj;bat;asm;asmx</Extensions>
    </Filter>
    <Filter Include="Header Files">
      <UniqueIdentifier>{93995380-89BD-4b04-88EB-625FBE52EBFB}</UniqueIdentifier>
      <Extensions>h;hh;hpp;hxx;h++;hm;inl;inc;ipp;xsd</Extensions>
    </Filter>
    <Filter Include="Resource Files">
      <UniqueIdentifier>{67DA6AB6-F800-4c08-8B7A-83BB121AAD01}</UniqueIdentifier>
      <Extensions>rc;ico;cur;bmp;dlg;rc2;rct;bin;rgs;gif;jpg;jpeg;jpe;resx;tiff;tif;png;wav;mfcribbon-ms</Extensions>
    </Filter>
  </ItemGroup>
  <ItemGroup>
    <ClCompile Include="..\..\..\stream_nodes\arm\amplifier\arm_stream_amplifier.c">
      <Filter>Source Files</Filter>
    </ClCompile>
    <ClCompile Include="..\..\..\stream_nodes\arm\amplifier\arm_stream_amplifier_process.c">
      <Filter>Source Files</Filter>
    </ClCompile>
    <ClCompile Include="..\..\..\stream_nodes\arm\analysis\arm_stream_analysis.c">
      <Filter>Source Files</Filter>
    </ClCompile>
    <ClCompile Include="..\..\..\stream_nodes\arm\analysis\arm_stream_analysis_process.c">
      <Filter>Source Files</Filter>
    </ClCompile>
    <ClCompile Include="..\..\..\stream_nodes\signal-processingFR\compressor\sigp_stream_compressor.c">
      <Filter>Source Files</Filter>
    </ClCompile>
    <ClCompile Include="..\..\..\stream_nodes\signal-processingFR\compressor\sigp_stream_compressor_imadpcm.c">
      <Filter>Source Files</Filter>
    </ClCompile>
    <ClCompile Include="..\..\..\stream_nodes\signal-processingFR\compressor\sigp_stream_compressor_process.c">
      <Filter>Source Files</Filter>
    </ClCompile>
    <ClCompile Include="..\main.c">
      <Filter>Source Files</Filter>
    </ClCompile>
    <ClCompile Include="..\main_call_computer.c">
      <Filter>Source Files</Filter>
    </ClCompile>
    <ClCompile Include="..\platform_computer.c">
      <Filter>Source Files</Filter>
    </ClCompile>
    <ClCompile Include="..\platform_computer_io_services.c">
      <Filter>Source Files</Filter>
    </ClCompile>
    <ClCompile Include="..\platform_services.c">
      <Filter>Source Files</Filter>
    </ClCompile>
    <ClCompile Include="..\..\..\stream_nodes\signal-processingFR\converter\sigp_stream_converter.c">
      <Filter>Source Files</Filter>
    </ClCompile>
    <ClCompile Include="..\..\..\stream_nodes\signal-processingFR\converter\sigp_stream_converter_coefs.c">
      <Filter>Source Files</Filter>
    </ClCompile>
    <ClCompile Include="..\..\..\stream_nodes\signal-processingFR\converter\sigp_stream_converter_process.c">
      <Filter>Source Files</Filter>
    </ClCompile>
    <ClCompile Include="..\..\..\stream_nodes\signal-processingFR\decompressor\sigp_stream_decompressor.c">
      <Filter>Source Files</Filter>
    </ClCompile>
    <ClCompile Include="..\..\..\stream_nodes\signal-processingFR\decompressor\sigp_stream_decompressor_imadpcm.c">
      <Filter>Source Files</Filter>
    </ClCompile>
    <ClCompile Include="..\..\..\stream_nodes\arm\demodulator\arm_stream_demodulator.c">
      <Filter>Source Files</Filter>
    </ClCompile>
    <ClCompile Include="..\..\..\stream_nodes\arm\demodulator\arm_stream_demodulator_process.c">
      <Filter>Source Files</Filter>
    </ClCompile>
    <ClCompile Include="..\..\..\stream_nodes\signal-processingFR\detector\sigp_stream_detector.c">
      <Filter>Source Files</Filter>
    </ClCompile>
    <ClCompile Include="..\..\..\stream_nodes\signal-processingFR\detector\sigp_stream_detector_process.c">
      <Filter>Source Files</Filter>
    </ClCompile>
    <ClCompile Include="..\..\..\stream_nodes\signal-processingFR\detector2D\sigp_stream_detector2D.c">
      <Filter>Source Files</Filter>
    </ClCompile>
    <ClCompile Include="..\..\..\stream_nodes\signal-processingFR\detector2D\sigp_stream_detector2D_process.c">
      <Filter>Source Files</Filter>
    </ClCompile>
    <ClCompile Include="..\..\..\stream_nodes\arm\filter\arm_stream_filter.c">
      <Filter>Source Files</Filter>
    </ClCompile>
    <ClCompile Include="..\..\..\stream_nodes\arm\filter2D\arm_stream_filter2D.c">
      <Filter>Source Files</Filter>
    </ClCompile>
    <ClCompile Include="..\..\..\stream_nodes\arm\filter\CMSIS-DSP\Source\FilteringFunctions\arm_biquad_cascade_df1_fast_q15.c">
      <Filter>Source Files</Filter>
    </ClCompile>
    <ClCompile Include="..\..\..\stream_nodes\arm\filter\CMSIS-DSP\Source\FilteringFunctions\arm_biquad_cascade_df1_init_q15.c">
      <Filter>Source Files</Filter>
    </ClCompile>
    <ClCompile Include="..\..\..\stream_nodes\arm\format_converter\arm_stream_format_converter_process.c">
      <Filter>Source Files</Filter>
    </ClCompile>
    <ClCompile Include="..\..\..\stream_nodes\bitbank\JPEGENC\bitbank_JPEGENC.c">
      <Filter>Source Files</Filter>
    </ClCompile>
    <ClCompile Include="..\..\..\stream_nodes\arm\mixer\arm_stream_mixer.c">
      <Filter>Source Files</Filter>
    </ClCompile>
    <ClCompile Include="..\..\..\stream_nodes\arm\mixer\arm_stream_mixer_process.c">
      <Filter>Source Files</Filter>
    </ClCompile>
    <ClCompile Include="..\..\..\stream_nodes\arm\modulator\arm_stream_modulator.c">
      <Filter>Source Files</Filter>
    </ClCompile>
    <ClCompile Include="..\..\..\stream_nodes\arm\modulator\arm_stream_modulator_process.c">
      <Filter>Source Files</Filter>
    </ClCompile>
    <ClCompile Include="..\..\..\stream_nodes\arm\qos\arm_stream_qos.c">
      <Filter>Source Files</Filter>
    </ClCompile>
    <ClCompile Include="..\..\..\stream_nodes\arm\qos\arm_stream_qos_process.c">
      <Filter>Source Files</Filter>
    </ClCompile>
    <ClCompile Include="..\..\..\stream_nodes\signal-processingFR\resampler\sigp_stream_resampler.c">
      <Filter>Source Files</Filter>
    </ClCompile>
    <ClCompile Include="..\..\..\stream_nodes\signal-processingFR\resampler\sigp_stream_resampler_process.c">
      <Filter>Source Files</Filter>
    </ClCompile>
    <ClCompile Include="..\..\..\stream_nodes\arm\rescaler\arm_stream_rescaler.c">
      <Filter>Source Files</Filter>
    </ClCompile>
    <ClCompile Include="..\..\..\stream_nodes\arm\rescaler\arm_stream_rescaler_process.c">
      <Filter>Source Files</Filter>
    </ClCompile>
    <ClCompile Include="..\..\..\stream_nodes\arm\router\arm_stream_router.c">
      <Filter>Source Files</Filter>
    </ClCompile>
    <ClCompile Include="..\..\..\stream_nodes\arm\router\arm_stream_router_process.c">
      <Filter>Source Files</Filter>
    </ClCompile>
    <ClCompile Include="..\..\..\stream_nodes\arm\script\arm_stream_graph_control.c">
      <Filter>Source Files</Filter>
    </ClCompile>
    <ClCompile Include="..\..\..\stream_nodes\arm\script\arm_stream_script.c">
      <Filter>Source Files</Filter>
    </ClCompile>
    <ClCompile Include="..\..\..\stream_nodes\arm\script\arm_stream_script_process.c">
      <Filter>Source Files</Filter>
    </ClCompile>
    <ClCompile Include="..\..\..\stream_nodes\arm\split\arm_stream_split.c">
      <Filter>Source Files</Filter>
    </ClCompile>
    <ClCompile Include="..\..\..\stream_nodes\elm-lang\TJpgDec\tjpgd3\src\tjpgd.c">
      <Filter>Source Files</Filter>
    </ClCompile>
    <ClCompile Include="..\..\..\stream_src\stream_graph_interpreter.c">
      <Filter>Source Files</Filter>
    </ClCompile>
    <ClCompile Include="..\..\..\stream_src\stream_io.c">
      <Filter>Source Files</Filter>
    </ClCompile>
    <ClCompile Include="..\..\..\stream_src\stream_scheduler.c">
      <Filter>Source Files</Filter>
    </ClCompile>
    <ClCompile Include="..\stream_libraries\CMSIS-DSP\Source\FilteringFunctions\Computer_arm_biquad_cascade_df1_fast_q15.c">
      <Filter>Source Files</Filter>
    </ClCompile>
    <ClCompile Include="..\stream_libraries\CMSIS-DSP\Source\FilteringFunctions\Computer_arm_biquad_cascade_df1_init_q15.c">
      <Filter>Source Files</Filter>
    </ClCompile>
    <ClCompile Include="..\..\..\stream_nodes\elm-lang\TJpgDec\TjpgDec.c">
      <Filter>Source Files</Filter>
    </ClCompile>
    <ClCompile Include="..\..\..\stream_nodes\arm\format_converter\arm_stream_format_converter.c">
      <Filter>Source Files</Filter>
    </ClCompile>
  </ItemGroup>
  <ItemGroup>
    <ClInclude Include="..\..\..\stream_nodes\stream_common_const.h">
      <Filter>Header Files</Filter>
    </ClInclude>
    <ClInclude Include="..\..\..\stream_nodes\stream_common_types.h">
      <Filter>Header Files</Filter>
    </ClInclude>
    <ClInclude Include="..\..\..\stream_src\stream_const.h">
      <Filter>Header Files</Filter>
    </ClInclude>
    <ClInclude Include="..\..\..\stream_src\stream_types.h">
      <Filter>Header Files</Filter>
    </ClInclude>
    <ClInclude Include="..\..\..\stream_nodes\arm\script\arm_stream_script.h">
      <Filter>Header Files</Filter>
    </ClInclude>
    <ClInclude Include="..\..\..\stream_nodes\arm\script\arm_stream_script_instructions.h">
      <Filter>Header Files</Filter>
    </ClInclude>
    <ClInclude Include="..\..\..\stream_nodes\arm\modulator\arm_stream_modulator.h">
      <Filter>Source Files</Filter>
    </ClInclude>
    <ClInclude Include="..\..\..\stream_nodes\arm\filter\arm_stream_filter.h">
      <Filter>Source Files</Filter>
    </ClInclude>
    <ClInclude Include="..\..\..\stream_src\stream_extern.h">
      <Filter>Header Files</Filter>
    </ClInclude>
  </ItemGroup>
  <ItemGroup>
    <Text Include="..\graph_computer.txt">
      <Filter>Header Files</Filter>
    </Text>
    <Text Include="..\graph_computer_bin.txt">
      <Filter>Header Files</Filter>
    </Text>
  </ItemGroup>
</Project>