<?xml version="1.0" encoding="utf-8"?>
<Project ToolsVersion="4.0" xmlns="http://schemas.microsoft.com/developer/msbuild/2003">
  <ItemGroup>
    <ClCompile Include="..\..\..\stream_src\stream_graph_interpreter.c">
      <Filter>stream_src</Filter>
    </ClCompile>
    <ClCompile Include="..\..\..\stream_src\stream_io.c">
      <Filter>stream_src</Filter>
    </ClCompile>
    <ClCompile Include="..\..\..\stream_src\stream_scheduler.c">
      <Filter>stream_src</Filter>
    </ClCompile>
    <ClCompile Include="..\..\lp-mspm0l1306\platform_lp-mspm0l1306.c">
      <Filter>platform_main\MSP1306</Filter>
    </ClCompile>
    <ClCompile Include="..\..\lp-mspm0l1306\platform_lp-mspm0l1306_io_services.c">
      <Filter>platform_main\MSP1306</Filter>
    </ClCompile>
    <ClCompile Include="..\..\lpc55s69evk\platform_lpc55s69evk_io_services.c">
      <Filter>platform_main\LPC55S69</Filter>
    </ClCompile>
    <ClCompile Include="..\..\lpc55s69evk\platform_lpc55s69evk.c">
      <Filter>platform_main\LPC55S69</Filter>
    </ClCompile>
    <ClCompile Include="..\..\..\stream_platform\windows\platform_computer_io_services.c">
      <Filter>platform_main\Computer</Filter>
    </ClCompile>
    <ClCompile Include="..\..\..\stream_platform\windows\platform_computer.c">
      <Filter>platform_main\Computer</Filter>
    </ClCompile>
    <ClCompile Include="..\..\lpc55s69evk\main_call_lpc55s69evk.c">
      <Filter>platform_main\LPC55S69</Filter>
    </ClCompile>
    <ClCompile Include="..\..\..\stream_platform\windows\main.c">
      <Filter>platform_main\Computer</Filter>
    </ClCompile>
    <ClCompile Include="..\main_call_computer.c">
      <Filter>platform_main\Computer</Filter>
    </ClCompile>
    <ClCompile Include="..\..\lp-mspm0l1306\main_call_lp-mspm0l1306.c">
      <Filter>platform_main\MSP1306</Filter>
    </ClCompile>
    <ClCompile Include="..\stream_libraries\CMSIS-DSP\Source\FilteringFunctions\Computer_arm_biquad_cascade_df1_fast_q15.c">
      <Filter>platform_main\Computer\library-cmsis-dsp</Filter>
    </ClCompile>
    <ClCompile Include="..\stream_libraries\CMSIS-DSP\Source\FilteringFunctions\Computer_arm_biquad_cascade_df1_init_q15.c">
      <Filter>platform_main\Computer\library-cmsis-dsp</Filter>
    </ClCompile>
    <ClCompile Include="..\platform_services.c">
      <Filter>platform_main\Computer</Filter>
    </ClCompile>
    <ClCompile Include="..\..\..\stream_nodes\Audio\arm\filter\arm_stream_filter.c">
      <Filter>stream_nodes\filter</Filter>
    </ClCompile>
    <ClCompile Include="..\..\..\stream_nodes\AI\arm\detector\arm_stream_detector.c">
      <Filter>stream_nodes\detector</Filter>
    </ClCompile>
    <ClCompile Include="..\..\..\stream_nodes\AI\arm\detector\arm_stream_detector_process.c">
      <Filter>stream_nodes\detector</Filter>
    </ClCompile>
    <ClCompile Include="..\..\..\stream_nodes\Basic\arm\amplifier\arm_stream_amplifier.c">
      <Filter>stream_nodes\amplifier</Filter>
    </ClCompile>
    <ClCompile Include="..\..\..\stream_nodes\Basic\arm\amplifier\arm_stream_amplifier_process.c">
      <Filter>stream_nodes\amplifier</Filter>
    </ClCompile>
    <ClCompile Include="..\..\..\stream_nodes\Basic\arm\analysis\arm_stream_analysis.c">
      <Filter>stream_nodes\analysis</Filter>
    </ClCompile>
    <ClCompile Include="..\..\..\stream_nodes\Basic\arm\analysis\arm_stream_analysis_process.c">
      <Filter>stream_nodes\analysis</Filter>
    </ClCompile>
    <ClCompile Include="..\..\..\stream_nodes\Audio\arm\compressor\arm_stream_compressor.c">
      <Filter>stream_nodes\compressor</Filter>
    </ClCompile>
    <ClCompile Include="..\..\..\stream_nodes\Audio\arm\compressor\arm_stream_compressor_imadpcm.c">
      <Filter>stream_nodes\compressor</Filter>
    </ClCompile>
    <ClCompile Include="..\..\..\stream_nodes\Basic\arm\converter\arm_stream_converter.c">
      <Filter>stream_nodes\converter</Filter>
    </ClCompile>
    <ClCompile Include="..\..\..\stream_nodes\Basic\arm\converter\arm_stream_converter_coefs.c">
      <Filter>stream_nodes\converter</Filter>
    </ClCompile>
    <ClCompile Include="..\..\..\stream_nodes\Basic\arm\converter\arm_stream_converter_process.c">
      <Filter>stream_nodes\converter</Filter>
    </ClCompile>
    <ClCompile Include="..\..\..\stream_nodes\Audio\arm\decompressor\arm_stream_decompressor.c">
      <Filter>stream_nodes\decompressor</Filter>
    </ClCompile>
    <ClCompile Include="..\..\..\stream_nodes\Audio\arm\decompressor\arm_stream_decompressor_imadpcm.c">
      <Filter>stream_nodes\decompressor</Filter>
    </ClCompile>
    <ClCompile Include="..\..\..\stream_nodes\Basic\arm\demodulator\arm_stream_demodulator.c">
      <Filter>stream_nodes\demodulator</Filter>
    </ClCompile>
    <ClCompile Include="..\..\..\stream_nodes\Basic\arm\demodulator\arm_stream_demodulator_process.c">
      <Filter>stream_nodes\demodulator</Filter>
    </ClCompile>
    <ClCompile Include="..\..\..\stream_nodes\AI\arm\detector2D\arm_stream_detector2D.c">
      <Filter>stream_nodes\detector2D</Filter>
    </ClCompile>
    <ClCompile Include="..\..\..\stream_nodes\AI\arm\detector2D\arm_stream_detector2D_process.c">
      <Filter>stream_nodes\detector2D</Filter>
    </ClCompile>
    <ClCompile Include="..\..\..\stream_nodes\Image\arm\filter2D\arm_stream_filter2D.c">
      <Filter>stream_nodes\filter2D</Filter>
    </ClCompile>
    <ClCompile Include="..\..\..\stream_nodes\Basic\arm\mixer\arm_stream_mixer.c">
      <Filter>stream_nodes\mixer</Filter>
    </ClCompile>
    <ClCompile Include="..\..\..\stream_nodes\Basic\arm\mixer\arm_stream_mixer_process.c">
      <Filter>stream_nodes\mixer</Filter>
    </ClCompile>
    <ClCompile Include="..\..\..\stream_nodes\Basic\arm\modulator\arm_stream_modulator.c">
      <Filter>stream_nodes\modulator</Filter>
    </ClCompile>
    <ClCompile Include="..\..\..\stream_nodes\Basic\arm\modulator\arm_stream_modulator_process.c">
      <Filter>stream_nodes\modulator</Filter>
    </ClCompile>
    <ClCompile Include="..\..\..\stream_nodes\Basic\arm\qos\arm_stream_qos.c">
      <Filter>stream_nodes\qos</Filter>
    </ClCompile>
    <ClCompile Include="..\..\..\stream_nodes\Basic\arm\qos\arm_stream_qos_process.c">
      <Filter>stream_nodes\qos</Filter>
    </ClCompile>
    <ClCompile Include="..\..\..\stream_nodes\Basic\arm\resampler\arm_stream_resampler.c">
      <Filter>stream_nodes\resampler</Filter>
    </ClCompile>
    <ClCompile Include="..\..\..\stream_nodes\Basic\arm\resampler\arm_stream_resampler_process.c">
      <Filter>stream_nodes\resampler</Filter>
    </ClCompile>
    <ClCompile Include="..\..\..\stream_nodes\Basic\arm\rescaler\arm_stream_rescaler.c">
      <Filter>stream_nodes\rescaler</Filter>
    </ClCompile>
    <ClCompile Include="..\..\..\stream_nodes\Basic\arm\rescaler\arm_stream_rescaler_process.c">
      <Filter>stream_nodes\rescaler</Filter>
    </ClCompile>
    <ClCompile Include="..\..\..\stream_nodes\Basic\arm\router\arm_stream_router.c">
      <Filter>stream_nodes\router</Filter>
    </ClCompile>
    <ClCompile Include="..\..\..\stream_nodes\Basic\arm\router\arm_stream_router_process.c">
      <Filter>stream_nodes\router</Filter>
    </ClCompile>
    <ClCompile Include="..\..\..\stream_nodes\Basic\arm\script\arm_stream_script.c">
      <Filter>stream_nodes\script</Filter>
    </ClCompile>
    <ClCompile Include="..\..\..\stream_nodes\Basic\arm\script\arm_stream_script_process.c">
      <Filter>stream_nodes\script</Filter>
    </ClCompile>
    <ClCompile Include="..\..\..\stream_nodes\Basic\arm\split\arm_stream_split.c">
      <Filter>stream_nodes\split</Filter>
    </ClCompile>
    <ClCompile Include="..\..\..\stream_nodes\Basic\arm\script\arm_stream_graph_control.c">
      <Filter>stream_nodes\graph_control</Filter>
    </ClCompile>
    <ClCompile Include="..\..\..\stream_nodes\Audio\arm\filter\CMSIS-DSP\Source\FilteringFunctions\arm_biquad_cascade_df1_fast_q15.c">
      <Filter>stream_nodes\filter</Filter>
    </ClCompile>
    <ClCompile Include="..\..\..\stream_nodes\Audio\arm\filter\CMSIS-DSP\Source\FilteringFunctions\arm_biquad_cascade_df1_init_q15.c">
      <Filter>stream_nodes\filter</Filter>
    </ClCompile>
  </ItemGroup>
  <ItemGroup>
    <ClInclude Include="..\..\..\stream_src\stream_extern.h">
      <Filter>stream_src</Filter>
    </ClInclude>
    <ClInclude Include="..\..\..\stream_src\stream_types.h">
      <Filter>stream_src</Filter>
    </ClInclude>
    <ClInclude Include="..\..\..\stream_src\stream_const.h">
      <Filter>stream_src</Filter>
    </ClInclude>
    <ClInclude Include="..\..\platform.h">
      <Filter>platform_main</Filter>
    </ClInclude>
    <ClInclude Include="..\..\lp-mspm0l1306\platform_lp-mspm0l1306.h">
      <Filter>platform_main\MSP1306</Filter>
    </ClInclude>
    <ClInclude Include="..\..\lpc55s69evk\platform_lpc55s69evk.h">
      <Filter>platform_main\LPC55S69</Filter>
    </ClInclude>
    <ClInclude Include="..\..\..\stream_platform\windows\platform_computer.h">
      <Filter>platform_main\Computer</Filter>
    </ClInclude>
    <ClInclude Include="..\..\lpc55s69evk\graph_lpc55s69evk_header.h">
      <Filter>platform_main\LPC55S69</Filter>
    </ClInclude>
    <ClInclude Include="..\graph_computer_header.h">
      <Filter>platform_main\Computer</Filter>
    </ClInclude>
    <ClInclude Include="..\..\lp-mspm0l1306\graph_lp-mspm0l1306_header.h">
      <Filter>platform_main\MSP1306</Filter>
    </ClInclude>
    <ClInclude Include="..\..\..\stream_nodes\stream_common.h">
      <Filter>stream_nodes</Filter>
    </ClInclude>
    <ClInclude Include="..\stream_libraries\CMSIS-DSP\Include\dsp\filtering_functions.h">
      <Filter>platform_main\Computer\library-cmsis-dsp</Filter>
    </ClInclude>
    <ClInclude Include="..\..\..\stream_nodes\Audio\arm\filter\arm_stream_filter.h">
      <Filter>stream_nodes\filter</Filter>
    </ClInclude>
    <ClInclude Include="..\..\..\stream_nodes\AI\arm\detector\arm_stream_detector.h">
      <Filter>stream_nodes\detector</Filter>
    </ClInclude>
    <ClInclude Include="..\..\..\stream_nodes\Basic\arm\amplifier\arm_stream_amplifier.h">
      <Filter>stream_nodes\amplifier</Filter>
    </ClInclude>
    <ClInclude Include="..\..\..\stream_nodes\Basic\arm\analysis\arm_stream_analysis.h">
      <Filter>stream_nodes\analysis</Filter>
    </ClInclude>
    <ClInclude Include="..\..\..\stream_nodes\Audio\arm\compressor\arm_stream_compressor.h">
      <Filter>stream_nodes\compressor</Filter>
    </ClInclude>
    <ClInclude Include="..\..\..\stream_nodes\Audio\arm\compressor\arm_stream_compressor_imadpcm.h">
      <Filter>stream_nodes\compressor</Filter>
    </ClInclude>
    <ClInclude Include="..\..\..\stream_nodes\Basic\arm\converter\arm_stream_converter.h">
      <Filter>stream_nodes\converter</Filter>
    </ClInclude>
    <ClInclude Include="..\..\..\stream_nodes\Audio\arm\decompressor\arm_stream_decompressor.h">
      <Filter>stream_nodes\decompressor</Filter>
    </ClInclude>
    <ClInclude Include="..\..\..\stream_nodes\Audio\arm\decompressor\arm_stream_decompressor_imadpcm.h">
      <Filter>stream_nodes\decompressor</Filter>
    </ClInclude>
    <ClInclude Include="..\..\..\stream_nodes\Basic\arm\demodulator\arm_stream_demodulator.h">
      <Filter>stream_nodes\demodulator</Filter>
    </ClInclude>
    <ClInclude Include="..\..\..\stream_nodes\AI\arm\detector2D\arm_stream_detector2D.h">
      <Filter>stream_nodes\detector2D</Filter>
    </ClInclude>
    <ClInclude Include="..\..\..\stream_nodes\Image\arm\filter2D\arm_stream_filter2D.h">
      <Filter>stream_nodes\filter2D</Filter>
    </ClInclude>
    <ClInclude Include="..\..\..\stream_nodes\Basic\arm\mixer\arm_stream_mixer.h">
      <Filter>stream_nodes\mixer</Filter>
    </ClInclude>
    <ClInclude Include="..\..\..\stream_nodes\Basic\arm\modulator\arm_stream_modulator.h">
      <Filter>stream_nodes\modulator</Filter>
    </ClInclude>
    <ClInclude Include="..\..\..\stream_nodes\Basic\arm\qos\arm_stream_qos.h">
      <Filter>stream_nodes\qos</Filter>
    </ClInclude>
    <ClInclude Include="..\..\..\stream_nodes\Basic\arm\resampler\arm_stream_resampler.h">
      <Filter>stream_nodes\resampler</Filter>
    </ClInclude>
    <ClInclude Include="..\..\..\stream_nodes\Basic\arm\rescaler\arm_stream_rescaler.h">
      <Filter>stream_nodes\rescaler</Filter>
    </ClInclude>
    <ClInclude Include="..\..\..\stream_nodes\Basic\arm\router\arm_stream_router.h">
      <Filter>stream_nodes\router</Filter>
    </ClInclude>
    <ClInclude Include="..\..\..\stream_nodes\Basic\arm\script\arm_stream_script.h">
      <Filter>stream_nodes\script</Filter>
    </ClInclude>
    <ClInclude Include="..\..\..\stream_nodes\Basic\arm\script\arm_stream_script_instructions.h">
      <Filter>stream_nodes\script</Filter>
    </ClInclude>
    <ClInclude Include="..\..\..\stream_nodes\Basic\arm\split\arm_stream_split.h">
      <Filter>stream_nodes\split</Filter>
    </ClInclude>
  </ItemGroup>
  <ItemGroup>
    <Filter Include="stream_src">
      <UniqueIdentifier>{c588de10-1613-4136-b8b5-e5ddeb5f2345}</UniqueIdentifier>
    </Filter>
    <Filter Include="stream_nodes">
      <UniqueIdentifier>{65e5e215-d3e5-4b55-abec-9954791019db}</UniqueIdentifier>
    </Filter>
    <Filter Include="Graphs">
      <UniqueIdentifier>{2bb06fad-a5cd-402f-b473-c24d37b4d518}</UniqueIdentifier>
    </Filter>
    <Filter Include="platform_main">
      <UniqueIdentifier>{97748a8a-4da7-4066-af7e-27a8abb8d503}</UniqueIdentifier>
    </Filter>
    <Filter Include="platform_main\Computer">
      <UniqueIdentifier>{f45e93d7-d341-427b-b865-b2046b67fff5}</UniqueIdentifier>
    </Filter>
    <Filter Include="platform_main\LPC55S69">
      <UniqueIdentifier>{86541e3b-2801-4e4b-9037-b08f39912138}</UniqueIdentifier>
    </Filter>
    <Filter Include="platform_main\MSP1306">
      <UniqueIdentifier>{75e7365e-10fe-4fc5-8762-dcd209a2f1ac}</UniqueIdentifier>
    </Filter>
    <Filter Include="platform_main\Computer\library-cmsis-dsp">
      <UniqueIdentifier>{e83c8890-8848-4c55-8e76-2d73828584ec}</UniqueIdentifier>
    </Filter>
    <Filter Include="stream_nodes\filter">
      <UniqueIdentifier>{8070d5d4-27ff-4501-8b0d-ad0ddccfa68b}</UniqueIdentifier>
    </Filter>
    <Filter Include="stream_nodes\detector">
      <UniqueIdentifier>{1d152eaa-386a-4a20-9ba4-29df9c445d67}</UniqueIdentifier>
    </Filter>
    <Filter Include="stream_nodes\amplifier">
      <UniqueIdentifier>{d937c77e-15a3-47b3-b3f1-553ae4c59394}</UniqueIdentifier>
    </Filter>
    <Filter Include="stream_nodes\analysis">
      <UniqueIdentifier>{1e57bdb6-1cd6-4ab2-b04d-8d7bfc40a180}</UniqueIdentifier>
    </Filter>
    <Filter Include="stream_nodes\compressor">
      <UniqueIdentifier>{6b9e9633-e689-415f-9778-08b3c3f61abc}</UniqueIdentifier>
    </Filter>
    <Filter Include="stream_nodes\converter">
      <UniqueIdentifier>{0e3de30a-8c51-4652-8024-14e4363a7003}</UniqueIdentifier>
    </Filter>
    <Filter Include="stream_nodes\decompressor">
      <UniqueIdentifier>{20612217-ee06-4ba3-b4e2-92bb8567ca08}</UniqueIdentifier>
    </Filter>
    <Filter Include="stream_nodes\demodulator">
      <UniqueIdentifier>{5da4fedb-6eda-408d-ad56-cbf8edc1d594}</UniqueIdentifier>
    </Filter>
    <Filter Include="stream_nodes\detector2D">
      <UniqueIdentifier>{ea05a696-9f20-4f90-ab98-13362880cffe}</UniqueIdentifier>
    </Filter>
    <Filter Include="stream_nodes\filter2D">
      <UniqueIdentifier>{960f85b8-8361-47da-b181-d2d5e4b05ca7}</UniqueIdentifier>
    </Filter>
    <Filter Include="stream_nodes\mixer">
      <UniqueIdentifier>{0ca73cef-e3f9-4174-b7eb-25f38b9736a6}</UniqueIdentifier>
    </Filter>
    <Filter Include="stream_nodes\modulator">
      <UniqueIdentifier>{341e424a-6568-4968-9c2d-09e24b0b9982}</UniqueIdentifier>
    </Filter>
    <Filter Include="stream_nodes\qos">
      <UniqueIdentifier>{8707dd78-c7cb-4b5b-96d9-aaafa03f9ff9}</UniqueIdentifier>
    </Filter>
    <Filter Include="stream_nodes\resampler">
      <UniqueIdentifier>{5aea2650-d97d-4df0-94f4-5c5e0ad08f7d}</UniqueIdentifier>
    </Filter>
    <Filter Include="stream_nodes\rescaler">
      <UniqueIdentifier>{706e248f-1640-4fa7-a488-0037e1ce18ba}</UniqueIdentifier>
    </Filter>
    <Filter Include="stream_nodes\router">
      <UniqueIdentifier>{5deb31ed-0bff-43b5-a6c7-ed0d11e33194}</UniqueIdentifier>
    </Filter>
    <Filter Include="stream_nodes\script">
      <UniqueIdentifier>{d9175d96-ed75-466b-9b59-c1cf05d276ed}</UniqueIdentifier>
    </Filter>
    <Filter Include="stream_nodes\graph_control">
      <UniqueIdentifier>{c1fa9c82-6fcb-48aa-a473-f657f98c39bf}</UniqueIdentifier>
    </Filter>
    <Filter Include="stream_nodes\split">
      <UniqueIdentifier>{ef5bfc3c-4f49-430d-be29-c52f03e5ac29}</UniqueIdentifier>
    </Filter>
  </ItemGroup>
  <ItemGroup>
    <Text Include="..\..\lpc55s69evk\graph_lpc55s69evk.txt">
      <Filter>platform_main\LPC55S69</Filter>
    </Text>
    <Text Include="..\..\lpc55s69evk\graph_lpc55s69evk_bin.txt">
      <Filter>platform_main\LPC55S69</Filter>
    </Text>
    <Text Include="..\..\lpc55s69evk\graph_lpc55s69evk_debug.txt">
      <Filter>platform_main\LPC55S69</Filter>
    </Text>
    <Text Include="..\graph_computer.txt">
      <Filter>platform_main\Computer</Filter>
    </Text>
    <Text Include="..\graph_computer_bin.txt">
      <Filter>platform_main\Computer</Filter>
    </Text>
    <Text Include="..\graph_computer_debug.txt">
      <Filter>platform_main\Computer</Filter>
    </Text>
    <Text Include="..\..\lp-mspm0l1306\graph_lp-mspm0l1306.txt">
      <Filter>platform_main\MSP1306</Filter>
    </Text>
    <Text Include="..\..\lp-mspm0l1306\graph_lp-mspm0l1306_bin.txt">
      <Filter>platform_main\MSP1306</Filter>
    </Text>
    <Text Include="..\..\lp-mspm0l1306\graph_lp-mspm0l1306_debug.txt">
      <Filter>platform_main\MSP1306</Filter>
    </Text>
  </ItemGroup>
</Project>