<?xml version="1.0" encoding="utf-8"?>
<Project ToolsVersion="4.0" xmlns="http://schemas.microsoft.com/developer/msbuild/2003">
  <ItemGroup>
    <Filter Include="Source Files">
      <UniqueIdentifier>{4FC737F1-C7A5-4376-A066-2A32D752A2FF}</UniqueIdentifier>
      <Extensions>cpp;c;cc;cxx;c++;cppm;ixx;def;odl;idl;hpj;bat;asm;asmx</Extensions>
    </Filter>
    <Filter Include="Header Files">
      <UniqueIdentifier>{93995380-89BD-4b04-88EB-625FBE52EBFB}</UniqueIdentifier>
      <Extensions>h;hh;hpp;hxx;h++;hm;inl;inc;ipp;xsd</Extensions>
    </Filter>
    <Filter Include="Resource Files">
      <UniqueIdentifier>{67DA6AB6-F800-4c08-8B7A-83BB121AAD01}</UniqueIdentifier>
      <Extensions>rc;ico;cur;bmp;dlg;rc2;rct;bin;rgs;gif;jpg;jpeg;jpe;resx;tiff;tif;png;wav;mfcribbon-ms</Extensions>
    </Filter>
    <Filter Include="SRC">
      <UniqueIdentifier>{4b10d316-3bc1-4916-ad51-878ff51afd85}</UniqueIdentifier>
    </Filter>
    <Filter Include="PLATFORM">
      <UniqueIdentifier>{ea0b89cd-a748-415b-8394-860e1a2d1ad6}</UniqueIdentifier>
    </Filter>
    <Filter Include="NewFilter1">
      <UniqueIdentifier>{ec4c9c3b-20f5-4224-95ce-7dcaf4b0b166}</UniqueIdentifier>
    </Filter>
    <Filter Include="PLATFORM\LIB">
      <UniqueIdentifier>{761cc97b-82ae-4b43-b21f-34c456980346}</UniqueIdentifier>
    </Filter>
    <Filter Include="NODES">
      <UniqueIdentifier>{5c263320-5d5f-4de9-914c-22a40a6d7199}</UniqueIdentifier>
    </Filter>
    <Filter Include="NODES\ARM">
      <UniqueIdentifier>{eeacc5b0-138e-4c23-8f4a-d917b362e6a3}</UniqueIdentifier>
    </Filter>
    <Filter Include="NODES\SIGPROC">
      <UniqueIdentifier>{c147610a-f1db-4747-aab7-528f849b3274}</UniqueIdentifier>
    </Filter>
    <Filter Include="NODES\BITBANK">
      <UniqueIdentifier>{2575c078-841c-4978-9362-fa5fccbb8fac}</UniqueIdentifier>
    </Filter>
    <Filter Include="NODES\JPGT">
      <UniqueIdentifier>{964e72ac-2861-472e-8060-ada543f253c9}</UniqueIdentifier>
    </Filter>
    <Filter Include="DEFAULT_PLARFORM">
      <UniqueIdentifier>{93f556ef-3e48-443d-9bfa-93ee4e278667}</UniqueIdentifier>
    </Filter>
    <Filter Include="DEFAULT_PLARFORM\DEFAULT_LIBRARY">
      <UniqueIdentifier>{e1d30a88-24ea-4d8a-96ae-fc41a9890077}</UniqueIdentifier>
    </Filter>
  </ItemGroup>
  <ItemGroup>
    <ClCompile Include="..\..\main.c">
      <Filter>Source Files</Filter>
    </ClCompile>
    <ClCompile Include="..\..\..\stream_src\stream_graph_interpreter.c">
      <Filter>SRC</Filter>
    </ClCompile>
    <ClCompile Include="..\..\..\stream_src\stream_io.c">
      <Filter>SRC</Filter>
    </ClCompile>
    <ClCompile Include="..\..\..\stream_src\stream_scheduler.c">
      <Filter>SRC</Filter>
    </ClCompile>
    <ClCompile Include="..\..\..\stream_platform\computer\computer_io_services.c">
      <Filter>PLATFORM</Filter>
    </ClCompile>
    <ClCompile Include="..\..\..\stream_platform\computer\stream_libraries\CMSIS-DSP\Source\FilteringFunctions\Computer_arm_biquad_cascade_df1_fast_q15.c">
      <Filter>PLATFORM\LIB</Filter>
    </ClCompile>
    <ClCompile Include="..\..\..\stream_platform\computer\stream_libraries\CMSIS-DSP\Source\FilteringFunctions\Computer_arm_biquad_cascade_df1_init_q15.c">
      <Filter>PLATFORM\LIB</Filter>
    </ClCompile>
    <ClCompile Include="..\..\..\stream_platform\computer\computer_init.c">
      <Filter>PLATFORM</Filter>
    </ClCompile>
    <ClCompile Include="..\..\..\stream_nodes\arm\amplifier\arm_stream_amplifier.c">
      <Filter>NODES\ARM</Filter>
    </ClCompile>
    <ClCompile Include="..\..\..\stream_nodes\arm\amplifier\arm_stream_amplifier_process.c">
      <Filter>NODES\ARM</Filter>
    </ClCompile>
    <ClCompile Include="..\..\..\stream_nodes\arm\demodulator\arm_stream_demodulator.c">
      <Filter>NODES\ARM</Filter>
    </ClCompile>
    <ClCompile Include="..\..\..\stream_nodes\arm\demodulator\arm_stream_demodulator_process.c">
      <Filter>NODES\ARM</Filter>
    </ClCompile>
    <ClCompile Include="..\..\..\stream_nodes\arm\filter\arm_stream_filter.c">
      <Filter>NODES\ARM</Filter>
    </ClCompile>
    <ClCompile Include="..\..\..\stream_nodes\arm\filter2D\arm_stream_filter2D.c">
      <Filter>NODES\ARM</Filter>
    </ClCompile>
    <ClCompile Include="..\..\..\stream_nodes\arm\modulator\arm_stream_modulator.c">
      <Filter>NODES\ARM</Filter>
    </ClCompile>
    <ClCompile Include="..\..\..\stream_nodes\arm\modulator\arm_stream_modulator_process.c">
      <Filter>NODES\ARM</Filter>
    </ClCompile>
    <ClCompile Include="..\..\..\stream_nodes\bitbank\JPEGENC\bitbank_JPEGENC.c">
      <Filter>NODES\BITBANK</Filter>
    </ClCompile>
    <ClCompile Include="..\..\..\stream_nodes\signal-processingFR\compressor\sigp_stream_compressor.c">
      <Filter>NODES\SIGPROC</Filter>
    </ClCompile>
    <ClCompile Include="..\..\..\stream_nodes\signal-processingFR\compressor\sigp_stream_compressor_imadpcm.c">
      <Filter>NODES\SIGPROC</Filter>
    </ClCompile>
    <ClCompile Include="..\..\..\stream_nodes\signal-processingFR\compressor\sigp_stream_compressor_process.c">
      <Filter>NODES\SIGPROC</Filter>
    </ClCompile>
    <ClCompile Include="..\..\..\stream_nodes\signal-processingFR\decompressor\sigp_stream_decompressor.c">
      <Filter>NODES\SIGPROC</Filter>
    </ClCompile>
    <ClCompile Include="..\..\..\stream_nodes\signal-processingFR\decompressor\sigp_stream_decompressor_imadpcm.c">
      <Filter>NODES\SIGPROC</Filter>
    </ClCompile>
    <ClCompile Include="..\..\..\stream_nodes\signal-processingFR\detector\sigp_stream_detector.c">
      <Filter>NODES\SIGPROC</Filter>
    </ClCompile>
    <ClCompile Include="..\..\..\stream_nodes\signal-processingFR\detector\sigp_stream_detector_process.c">
      <Filter>NODES\SIGPROC</Filter>
    </ClCompile>
    <ClCompile Include="..\..\..\stream_nodes\signal-processingFR\detector2D\sigp_stream_detector2D.c">
      <Filter>NODES\SIGPROC</Filter>
    </ClCompile>
    <ClCompile Include="..\..\..\stream_nodes\signal-processingFR\detector2D\sigp_stream_detector2D_process.c">
      <Filter>NODES\SIGPROC</Filter>
    </ClCompile>
    <ClCompile Include="..\..\..\stream_nodes\signal-processingFR\resampler\sigp_stream_resampler.c">
      <Filter>NODES\SIGPROC</Filter>
    </ClCompile>
    <ClCompile Include="..\..\..\stream_nodes\signal-processingFR\resampler\sigp_stream_resampler_process.c">
      <Filter>NODES\SIGPROC</Filter>
    </ClCompile>
    <ClCompile Include="..\..\..\stream_nodes\elm-lang\TJpgDec\TjpgDec.c">
      <Filter>NODES\JPGT</Filter>
    </ClCompile>
    <ClCompile Include="..\..\..\stream_nodes\arm\router\arm_stream_router.c">
      <Filter>NODES\ARM</Filter>
    </ClCompile>
    <ClCompile Include="..\..\..\stream_nodes\arm\router\arm_stream_router_process.c">
      <Filter>NODES\ARM</Filter>
    </ClCompile>
    <ClCompile Include="..\..\..\stream_nodes\arm\script\arm_stream_script.c">
      <Filter>NODES\ARM</Filter>
    </ClCompile>
    <ClCompile Include="..\..\..\stream_nodes\arm\script\arm_stream_script_process.c">
      <Filter>NODES\ARM</Filter>
    </ClCompile>
    <ClCompile Include="..\..\..\stream_platform\platform_defaults\default_services.c">
      <Filter>DEFAULT_PLARFORM</Filter>
    </ClCompile>
    <ClCompile Include="..\..\..\stream_platform\platform_defaults\platform_init.c">
      <Filter>DEFAULT_PLARFORM</Filter>
    </ClCompile>
    <ClCompile Include="..\..\..\stream_platform\platform_defaults\stream_libraries\CMSIS-DSP\Source\FilteringFunctions\default_biquad_cascade_df1_f32.c">
      <Filter>DEFAULT_PLARFORM\DEFAULT_LIBRARY</Filter>
    </ClCompile>
    <ClCompile Include="..\..\..\stream_platform\platform_defaults\stream_libraries\CMSIS-DSP\Source\FilteringFunctions\default_biquad_cascade_df1_fast_q15.c">
      <Filter>DEFAULT_PLARFORM\DEFAULT_LIBRARY</Filter>
    </ClCompile>
    <ClCompile Include="..\..\..\stream_platform\platform_defaults\stream_libraries\CMSIS-DSP\Source\FilteringFunctions\default_biquad_cascade_df1_init_f32.c">
      <Filter>DEFAULT_PLARFORM\DEFAULT_LIBRARY</Filter>
    </ClCompile>
    <ClCompile Include="..\..\..\stream_platform\platform_defaults\stream_libraries\CMSIS-DSP\Source\FilteringFunctions\default_biquad_cascade_df1_init_q15.c">
      <Filter>DEFAULT_PLARFORM\DEFAULT_LIBRARY</Filter>
    </ClCompile>
    <ClCompile Include="..\main_call_sds_demo.c">
      <Filter>Source Files</Filter>
    </ClCompile>
    <ClCompile Include="..\..\computer\main_call_computer.c">
      <Filter>Source Files</Filter>
    </ClCompile>
    <ClCompile Include="..\..\..\stream_platform\sds_demo\sds_demo_init.c">
      <Filter>PLATFORM</Filter>
    </ClCompile>
    <ClCompile Include="..\..\..\stream_platform\sds_demo\sds_demo_io_services.c">
      <Filter>PLATFORM</Filter>
    </ClCompile>
    <ClCompile Include="..\..\..\stream_nodes\arm\anr\arm_stream_anr.c">
      <Filter>NODES\ARM</Filter>
    </ClCompile>
    <ClCompile Include="..\..\..\stream_nodes\arm\echocan\arm_stream_echocan.c">
      <Filter>NODES\ARM</Filter>
    </ClCompile>
    <ClCompile Include="..\..\..\stream_nodes\arm\fixedbf\arm_stream_fixedbf.c">
      <Filter>NODES\ARM</Filter>
    </ClCompile>
    <ClCompile Include="..\..\..\stream_nodes\arm\kws\arm_stream_kws.c">
      <Filter>NODES\ARM</Filter>
    </ClCompile>
  </ItemGroup>
  <ItemGroup>
    <ClInclude Include="..\..\..\stream_src\stream_const.h">
      <Filter>SRC</Filter>
    </ClInclude>
    <ClInclude Include="..\..\..\stream_src\stream_extern.h">
      <Filter>SRC</Filter>
    </ClInclude>
    <ClInclude Include="..\..\..\stream_src\stream_types.h">
      <Filter>SRC</Filter>
    </ClInclude>
    <ClInclude Include="..\..\..\stream_platform\computer\stream_libraries\CMSIS-DSP\Include\dsp\computer_filtering_functions.h">
      <Filter>PLATFORM\LIB</Filter>
    </ClInclude>
    <ClInclude Include="..\..\..\stream_nodes\arm\amplifier\arm_stream_amplifier.h">
      <Filter>NODES\ARM</Filter>
    </ClInclude>
    <ClInclude Include="..\..\..\stream_nodes\arm\demodulator\arm_stream_demodulator.h">
      <Filter>NODES\ARM</Filter>
    </ClInclude>
    <ClInclude Include="..\..\..\stream_nodes\arm\filter\arm_stream_filter.h">
      <Filter>NODES\ARM</Filter>
    </ClInclude>
    <ClInclude Include="..\..\..\stream_nodes\arm\filter2D\arm_stream_filter2D.h">
      <Filter>NODES\ARM</Filter>
    </ClInclude>
    <ClInclude Include="..\..\..\stream_nodes\arm\modulator\arm_stream_modulator.h">
      <Filter>NODES\ARM</Filter>
    </ClInclude>
    <ClInclude Include="..\..\..\stream_nodes\bitbank\JPEGENC\bitbank_JPEGENC.h">
      <Filter>NODES\BITBANK</Filter>
    </ClInclude>
    <ClInclude Include="..\..\..\stream_nodes\signal-processingFR\compressor\sigp_stream_compressor.h">
      <Filter>NODES\SIGPROC</Filter>
    </ClInclude>
    <ClInclude Include="..\..\..\stream_nodes\signal-processingFR\compressor\sigp_stream_compressor_imadpcm.h">
      <Filter>NODES\SIGPROC</Filter>
    </ClInclude>
    <ClInclude Include="..\..\..\stream_nodes\signal-processingFR\decompressor\sigp_stream_decompressor.h">
      <Filter>NODES\SIGPROC</Filter>
    </ClInclude>
    <ClInclude Include="..\..\..\stream_nodes\signal-processingFR\decompressor\sigp_stream_decompressor_imadpcm.h">
      <Filter>NODES\SIGPROC</Filter>
    </ClInclude>
    <ClInclude Include="..\..\..\stream_nodes\signal-processingFR\detector\sigp_stream_detector.h">
      <Filter>NODES\SIGPROC</Filter>
    </ClInclude>
    <ClInclude Include="..\..\..\stream_nodes\signal-processingFR\detector2D\sigp_stream_detector2D.h">
      <Filter>NODES\SIGPROC</Filter>
    </ClInclude>
    <ClInclude Include="..\..\..\stream_nodes\signal-processingFR\resampler\sigp_stream_resampler.h">
      <Filter>NODES\SIGPROC</Filter>
    </ClInclude>
    <ClInclude Include="..\..\..\stream_nodes\elm-lang\TJpgDec\TjpgDec.h">
      <Filter>NODES\JPGT</Filter>
    </ClInclude>
    <ClInclude Include="..\..\..\stream_nodes\arm\script\arm_stream_script_instructions.h">
      <Filter>NODES\ARM</Filter>
    </ClInclude>
    <ClInclude Include="..\..\..\stream_nodes\arm\router\arm_stream_router.h">
      <Filter>NODES\ARM</Filter>
    </ClInclude>
    <ClInclude Include="..\..\..\stream_nodes\arm\script\arm_stream_script.h">
      <Filter>NODES\ARM</Filter>
    </ClInclude>
    <ClInclude Include="..\..\..\stream_platform\platform_computer.h">
      <Filter>NODES\ARM</Filter>
    </ClInclude>
    <ClInclude Include="..\..\..\stream_platform\presets.h">
      <Filter>PLATFORM</Filter>
    </ClInclude>
    <ClInclude Include="..\..\..\stream_nodes\stream_common_const.h">
      <Filter>NODES</Filter>
    </ClInclude>
    <ClInclude Include="..\..\..\stream_nodes\stream_common_types.h">
      <Filter>NODES</Filter>
    </ClInclude>
    <ClInclude Include="..\..\..\stream_nodes\arm\anr\arm_stream_anr.h">
      <Filter>NODES\ARM</Filter>
    </ClInclude>
    <ClInclude Include="..\..\..\stream_nodes\arm\echocan\arm_stream_echocan.h">
      <Filter>NODES\ARM</Filter>
    </ClInclude>
    <ClInclude Include="..\..\..\stream_nodes\arm\fixedbf\arm_stream_fixedbf.h">
      <Filter>NODES\ARM</Filter>
    </ClInclude>
    <ClInclude Include="..\..\..\stream_nodes\arm\kws\arm_stream_kws.h">
      <Filter>NODES\ARM</Filter>
    </ClInclude>
  </ItemGroup>
  <ItemGroup>
    <Text Include="..\..\..\stream_platform\computer\graph_computer_router_bin.txt">
      <Filter>PLATFORM</Filter>
    </Text>
    <Text Include="..\..\..\stream_platform\computer\graph_computer_filter_bin.txt">
      <Filter>PLATFORM</Filter>
    </Text>
    <Text Include="..\..\..\stream_platform\computer\graph_computer_filter.txt">
      <Filter>PLATFORM</Filter>
    </Text>
    <Text Include="..\..\..\stream_platform\computer\graph_computer_router.txt">
      <Filter>PLATFORM</Filter>
    </Text>
    <Text Include="..\..\..\stream_nodes\arm\amplifier\node_manifest_amplifier.txt">
      <Filter>NODES\ARM</Filter>
    </Text>
    <Text Include="..\..\..\stream_nodes\arm\demodulator\node_manifest_demodulator.txt">
      <Filter>NODES\ARM</Filter>
    </Text>
    <Text Include="..\..\..\stream_nodes\arm\filter\node_manifest_filter.txt">
      <Filter>NODES\ARM</Filter>
    </Text>
    <Text Include="..\..\..\stream_nodes\arm\filter2D\node_manifest_filter2D.txt">
      <Filter>NODES\ARM</Filter>
    </Text>
    <Text Include="..\..\..\stream_nodes\arm\modulator\node_manifest_modulator.txt">
      <Filter>NODES\ARM</Filter>
    </Text>
    <Text Include="..\..\..\stream_nodes\bitbank\JPEGENC\node_manifest_bitbank_JPEGENC.txt">
      <Filter>NODES\BITBANK</Filter>
    </Text>
    <Text Include="..\..\..\stream_nodes\signal-processingFR\compressor\node_manifest_compressor.txt">
      <Filter>NODES\SIGPROC</Filter>
    </Text>
    <Text Include="..\..\..\stream_nodes\signal-processingFR\decompressor\node_manifest_decompressor.txt">
      <Filter>NODES\SIGPROC</Filter>
    </Text>
    <Text Include="..\..\..\stream_nodes\signal-processingFR\detector\node_manifest_detector.txt">
      <Filter>NODES\SIGPROC</Filter>
    </Text>
    <Text Include="..\..\..\stream_nodes\signal-processingFR\detector2D\node_manifest_detector2D.txt">
      <Filter>NODES\SIGPROC</Filter>
    </Text>
    <Text Include="..\..\..\stream_nodes\signal-processingFR\resampler\node_manifest_resampler.txt">
      <Filter>NODES\SIGPROC</Filter>
    </Text>
    <Text Include="..\..\..\stream_nodes\elm-lang\TJpgDec\node_manifest_TjpgDec.txt">
      <Filter>NODES\JPGT</Filter>
    </Text>
    <Text Include="..\..\..\stream_nodes\arm\router\node_manifest_router.txt">
      <Filter>NODES\ARM</Filter>
    </Text>
    <Text Include="..\..\..\stream_nodes\arm\script\node_manifest_script.txt">
      <Filter>NODES\ARM</Filter>
    </Text>
    <Text Include="..\..\..\stream_platform\computer\manifest\top_manifest_computer.txt">
      <Filter>PLATFORM</Filter>
    </Text>
    <Text Include="..\..\..\stream_nodes\arm\anr\node_manifest_anr.txt">
      <Filter>NODES\ARM</Filter>
    </Text>
    <Text Include="..\..\..\stream_nodes\arm\echocan\node_manifest_echocan.txt">
      <Filter>NODES\ARM</Filter>
    </Text>
    <Text Include="..\..\..\stream_nodes\arm\fixedbf\node_manifest_fixedbf.txt">
      <Filter>NODES\ARM</Filter>
    </Text>
    <Text Include="..\..\..\stream_nodes\arm\kws\node_manifest_kws.txt">
      <Filter>NODES\ARM</Filter>
    </Text>
    <Text Include="..\..\..\stream_platform\sds_demo\manifest\top_manifest_sds_demo.txt">
      <Filter>PLATFORM</Filter>
    </Text>
  </ItemGroup>
</Project>